
Microsoft Visual Studio Solution File, Format Version 12.00
# Visual Studio 15
Project("{FAE04EC0-301F-11D3-BF4B-00C04F79EFBC}") = "Unity.Timeline", "Unity.Timeline.csproj", "{36212A5F-085A-F407-E14E-3D3C6D43DDF1}"
EndProject
Project("{FAE04EC0-301F-11D3-BF4B-00C04F79EFBC}") = "Unity.RenderPipelines.GPUDriven.Runtime", "Unity.RenderPipelines.GPUDriven.Runtime.csproj", "{024421FA-90D9-3817-4350-902AD59D630E}"
EndProject
Project("{FAE04EC0-301F-11D3-BF4B-00C04F79EFBC}") = "Unity.PlasticSCM.Editor", "Unity.PlasticSCM.Editor.csproj", "{C762EA5A-9226-61C9-33CC-39BC5B3640DD}"
EndProject
Project("{FAE04EC0-301F-11D3-BF4B-00C04F79EFBC}") = "Unity.2D.Aseprite.Editor", "Unity.2D.Aseprite.Editor.csproj", "{E1B451E6-0FC8-6306-1F6A-1A5CB7A6F349}"
EndProject
Project("{FAE04EC0-301F-11D3-BF4B-00C04F79EFBC}") = "Unity.ShaderGraph.Editor", "Unity.ShaderGraph.Editor.csproj", "{8709CA7F-61FA-9B84-3DE0-23795B92FE89}"
EndProject
Project("{FAE04EC0-301F-11D3-BF4B-00C04F79EFBC}") = "Unity.RenderPipelines.Core.Runtime", "Unity.RenderPipelines.Core.Runtime.csproj", "{37184B2F-9602-EF83-6186-B64F0ED0FB0F}"
EndProject
Project("{FAE04EC0-301F-11D3-BF4B-00C04F79EFBC}") = "Unity.ScriptableBuildPipeline.Editor", "Unity.ScriptableBuildPipeline.Editor.csproj", "{84147590-8E24-1EB4-4BD6-FB69377C1160}"
EndProject
Project("{FAE04EC0-301F-11D3-BF4B-00C04F79EFBC}") = "Unity.Mathematics", "Unity.Mathematics.csproj", "{D8FC849F-C73D-F5DE-997E-644113EA5F81}"
EndProject
Project("{FAE04EC0-301F-11D3-BF4B-00C04F79EFBC}") = "Unity.Timeline.Editor", "Unity.Timeline.Editor.csproj", "{0EE47A38-B8AF-FAB6-C868-A1521849F63C}"
EndProject
Project("{FAE04EC0-301F-11D3-BF4B-00C04F79EFBC}") = "Unity.Multiplayer.Center.Editor", "Unity.Multiplayer.Center.Editor.csproj", "{CE8E568F-4363-2F9D-CB2B-9B7A9A441102}"
EndProject
Project("{FAE04EC0-301F-11D3-BF4B-00C04F79EFBC}") = "Unity.RenderPipelines.Core.Editor", "Unity.RenderPipelines.Core.Editor.csproj", "{9F5A7793-C890-39CC-BA3F-E368944C013E}"
EndProject
Project("{FAE04EC0-301F-11D3-BF4B-00C04F79EFBC}") = "Unity.2D.Psdimporter.Editor", "Unity.2D.Psdimporter.Editor.csproj", "{E6630F98-061C-D4B0-6119-95A5365B5EB7}"
EndProject
Project("{FAE04EC0-301F-11D3-BF4B-00C04F79EFBC}") = "UnityEngine.UI", "UnityEngine.UI.csproj", "{FB611AC6-58E7-619A-A21D-903C74F0B8CA}"
EndProject
Project("{FAE04EC0-301F-11D3-BF4B-00C04F79EFBC}") = "Unity.2D.IK.Runtime", "Unity.2D.IK.Runtime.csproj", "{0E1BC30B-95AC-B61A-886F-7AC30A5945C1}"
EndProject
Project("{FAE04EC0-301F-11D3-BF4B-00C04F79EFBC}") = "Unity.Addressables.Editor", "Unity.Addressables.Editor.csproj", "{EC485092-2DCA-618C-11E7-75A3AF25D4A8}"
EndProject
Project("{FAE04EC0-301F-11D3-BF4B-00C04F79EFBC}") = "Unity.Collections", "Unity.Collections.csproj", "{AD6B79B9-B238-B53C-1DEA-7CFA898FF5E9}"
EndProject
Project("{FAE04EC0-301F-11D3-BF4B-00C04F79EFBC}") = "Unity.VisualScripting.Core.Editor", "Unity.VisualScripting.Core.Editor.csproj", "{E8A24002-BB54-B208-0BEA-2E66E54970CE}"
EndProject
Project("{FAE04EC0-301F-11D3-BF4B-00C04F79EFBC}") = "Unity.RenderPipelines.Universal.Editor", "Unity.RenderPipelines.Universal.Editor.csproj", "{AAD1D058-7800-F03B-6FEC-71F6E1839C9D}"
EndProject
Project("{FAE04EC0-301F-11D3-BF4B-00C04F79EFBC}") = "Unity.RenderPipelines.Universal.2D.Runtime", "Unity.RenderPipelines.Universal.2D.Runtime.csproj", "{B54937EA-F184-2662-43D8-1DB2FA3B6095}"
EndProject
Project("{FAE04EC0-301F-11D3-BF4B-00C04F79EFBC}") = "Unity.PerformanceTesting.Editor", "Unity.PerformanceTesting.Editor.csproj", "{EEF8D3E9-137F-FA17-4E21-9F00C03A3EFE}"
EndProject
Project("{FAE04EC0-301F-11D3-BF4B-00C04F79EFBC}") = "UnityEngine.TestRunner", "UnityEngine.TestRunner.csproj", "{B55B35FD-6FCF-B95A-5C2C-7F00769605D1}"
EndProject
Project("{FAE04EC0-301F-11D3-BF4B-00C04F79EFBC}") = "Unity.2D.Tilemap.Editor", "Unity.2D.Tilemap.Editor.csproj", "{3EE5A388-B798-0925-42C1-B75F67DCBADD}"
EndProject
Project("{FAE04EC0-301F-11D3-BF4B-00C04F79EFBC}") = "Unity.Burst", "Unity.Burst.csproj", "{093FADCA-3A5E-5CB1-77A7-471E0AC1E688}"
EndProject
Project("{FAE04EC0-301F-11D3-BF4B-00C04F79EFBC}") = "Assembly-CSharp", "Assembly-CSharp.csproj", "{C3814237-0403-3793-F1D6-3DF61DE07632}"
EndProject
Project("{FAE04EC0-301F-11D3-BF4B-00C04F79EFBC}") = "Unity.VisualScripting.Flow.Editor", "Unity.VisualScripting.Flow.Editor.csproj", "{BC7CE488-A7CA-B0E0-A93C-2FE6CD73A95E}"
EndProject
Project("{FAE04EC0-301F-11D3-BF4B-00C04F79EFBC}") = "Unity.2D.SpriteShape.Editor", "Unity.2D.SpriteShape.Editor.csproj", "{4F4B8D39-0AC2-FFBA-9645-8E05C6B1D21D}"
EndProject
Project("{FAE04EC0-301F-11D3-BF4B-00C04F79EFBC}") = "Unity.InputSystem", "Unity.InputSystem.csproj", "{2E67384B-FE3C-2122-A49E-E027004C409B}"
EndProject
Project("{FAE04EC0-301F-11D3-BF4B-00C04F79EFBC}") = "Unity.VisualStudio.Editor", "Unity.VisualStudio.Editor.csproj", "{9E40CB5E-A710-99AC-FBFC-768860EC23BA}"
EndProject
Project("{FAE04EC0-301F-11D3-BF4B-00C04F79EFBC}") = "PPv2URPConverters", "PPv2URPConverters.csproj", "{D904C0BF-E710-8E04-C1B6-2311641ED65B}"
EndProject
Project("{FAE04EC0-301F-11D3-BF4B-00C04F79EFBC}") = "Unity.2D.Animation.Editor", "Unity.2D.Animation.Editor.csproj", "{DB758D25-D05E-E6A2-7462-F49F6DBDEAE6}"
EndProject
Project("{FAE04EC0-301F-11D3-BF4B-00C04F79EFBC}") = "UniTask", "UniTask.csproj", "{4EF8D127-BC32-0B15-B4F2-AB0A2964B28A}"
EndProject
Project("{FAE04EC0-301F-11D3-BF4B-00C04F79EFBC}") = "Unity.Searcher.Editor", "Unity.Searcher.Editor.csproj", "{D816F433-8A17-2486-2F79-8E4143956230}"
EndProject
Project("{FAE04EC0-301F-11D3-BF4B-00C04F79EFBC}") = "Unity.ResourceManager", "Unity.ResourceManager.csproj", "{C423AB75-3AEE-377C-6471-D0F9C702FBA7}"
EndProject
Project("{FAE04EC0-301F-11D3-BF4B-00C04F79EFBC}") = "Unity.2D.SpriteShape.Runtime", "Unity.2D.SpriteShape.Runtime.csproj", "{E2652611-3429-3912-D6A2-A21745173A20}"
EndProject
Project("{FAE04EC0-301F-11D3-BF4B-00C04F79EFBC}") = "UnityEditor.TestRunner", "UnityEditor.TestRunner.csproj", "{BED43073-D1C5-C196-619F-8078BF3DFBA1}"
EndProject
Project("{FAE04EC0-301F-11D3-BF4B-00C04F79EFBC}") = "Unity.VisualScripting.Core", "Unity.VisualScripting.Core.csproj", "{3549DAA4-3369-AF9F-73FC-F11C873F442F}"
EndProject
Project("{FAE04EC0-301F-11D3-BF4B-00C04F79EFBC}") = "Unity.RenderPipelines.Universal.Runtime", "Unity.RenderPipelines.Universal.Runtime.csproj", "{CDEBB484-62FC-EB8B-6929-94F4687ECDA1}"
EndProject
Project("{FAE04EC0-301F-11D3-BF4B-00C04F79EFBC}") = "Unity.CollabProxy.Editor", "Unity.CollabProxy.Editor.csproj", "{224252DC-89FB-FA2D-6EEF-82914F5F3BD6}"
EndProject
Project("{FAE04EC0-301F-11D3-BF4B-00C04F79EFBC}") = "Unity.VisualScripting.State.Editor", "Unity.VisualScripting.State.Editor.csproj", "{1D543865-922C-538E-0A2D-4139C6EC5D53}"
EndProject
Project("{FAE04EC0-301F-11D3-BF4B-00C04F79EFBC}") = "Unity.Burst.CodeGen", "Unity.Burst.CodeGen.csproj", "{C0FA968A-18ED-9F3B-85AC-7065591CE00D}"
EndProject
Project("{FAE04EC0-301F-11D3-BF4B-00C04F79EFBC}") = "Unity.Addressables.DocExampleCode.Editor.Tests", "Unity.Addressables.DocExampleCode.Editor.Tests.csproj", "{BA2B706C-3335-CE78-0C69-3548ADAAD9D1}"
EndProject
Project("{FAE04EC0-301F-11D3-BF4B-00C04F79EFBC}") = "Unity.VisualScripting.Flow", "Unity.VisualScripting.Flow.csproj", "{F01A6013-7ECF-16A4-5456-E093972A805C}"
EndProject
Project("{FAE04EC0-301F-11D3-BF4B-00C04F79EFBC}") = "Unity.PerformanceTesting", "Unity.PerformanceTesting.csproj", "{ECB46AAC-4CAB-A4B0-96AC-BF1DD5DD9061}"
EndProject
Project("{FAE04EC0-301F-11D3-BF4B-00C04F79EFBC}") = "Unity.2D.Tilemap.Extras.Editor", "Unity.2D.Tilemap.Extras.Editor.csproj", "{4CEFC1EB-C6E2-08E8-F333-D76486EAE3E5}"
EndProject
Project("{FAE04EC0-301F-11D3-BF4B-00C04F79EFBC}") = "Unity.TextMeshPro", "Unity.TextMeshPro.csproj", "{A892AB07-8F25-9226-7F8D-733540BA3BA6}"
EndProject
Project("{FAE04EC0-301F-11D3-BF4B-00C04F79EFBC}") = "UniTask.Linq", "UniTask.Linq.csproj", "{9A5FD7B1-7991-9CD1-99A6-F1CAE3FB8F52}"
EndProject
Project("{FAE04EC0-301F-11D3-BF4B-00C04F79EFBC}") = "Unity.TextMeshPro.Editor", "Unity.TextMeshPro.Editor.csproj", "{62564D6C-66A4-52FC-D160-35F830A71D32}"
EndProject
Project("{FAE04EC0-301F-11D3-BF4B-00C04F79EFBC}") = "Unity.Rendering.LightTransport.Runtime", "Unity.Rendering.LightTransport.Runtime.csproj", "{44FEEDC2-FF6D-21C2-AB58-734C3E1A2100}"
EndProject
Project("{FAE04EC0-301F-11D3-BF4B-00C04F79EFBC}") = "PsdPlugin", "PsdPlugin.csproj", "{A92690E4-C701-882A-7955-D7FE57FE8759}"
EndProject
Project("{FAE04EC0-301F-11D3-BF4B-00C04F79EFBC}") = "Unity.2D.IK.Editor", "Unity.2D.IK.Editor.csproj", "{C925A937-E3DC-196A-B53F-3C8B64921FFD}"
EndProject
Project("{FAE04EC0-301F-11D3-BF4B-00C04F79EFBC}") = "Unity.InternalAPIEngineBridge.001", "Unity.InternalAPIEngineBridge.001.csproj", "{7FBD5573-CFA2-0E6F-0DA6-812ED5BCA407}"
EndProject
Project("{FAE04EC0-301F-11D3-BF4B-00C04F79EFBC}") = "Unity.2D.Aseprite.Common", "Unity.2D.Aseprite.Common.csproj", "{DEED6ACF-B75E-C907-6E41-FFB7F6255B58}"
EndProject
Project("{FAE04EC0-301F-11D3-BF4B-00C04F79EFBC}") = "Unity.Burst.Editor", "Unity.Burst.Editor.csproj", "{3F583E59-57FE-53DF-13DC-BEF94D8FEF1A}"
EndProject
Project("{FAE04EC0-301F-11D3-BF4B-00C04F79EFBC}") = "Unity.2D.Common.Path.Editor", "Unity.2D.Common.Path.Editor.csproj", "{2CE78F19-04DF-0D1D-09C5-B1B8DEEA405E}"
EndProject
Project("{FAE04EC0-301F-11D3-BF4B-00C04F79EFBC}") = "Unity.2D.Common.Editor", "Unity.2D.Common.Editor.csproj", "{3949BF55-1C80-6494-AE0A-DC5104BAA238}"
EndProject
Project("{FAE04EC0-301F-11D3-BF4B-00C04F79EFBC}") = "Unity.Rider.Editor", "Unity.Rider.Editor.csproj", "{68442A4F-FD36-8994-E8F1-EA8DD48BA67C}"
EndProject
Project("{FAE04EC0-301F-11D3-BF4B-00C04F79EFBC}") = "Unity.VisualScripting.State", "Unity.VisualScripting.State.csproj", "{55C19E17-BB22-A622-78A0-A2ED31BA1E28}"
EndProject
Project("{FAE04EC0-301F-11D3-BF4B-00C04F79EFBC}") = "Unity.InternalAPIEditorBridge.001", "Unity.InternalAPIEditorBridge.001.csproj", "{25D32EAB-B500-2F0F-657B-C349422728AF}"
EndProject
Project("{FAE04EC0-301F-11D3-BF4B-00C04F79EFBC}") = "UnityEditor.UI", "UnityEditor.UI.csproj", "{E84C5688-84E4-1536-BB7A-CA8354A51640}"
EndProject
Project("{FAE04EC0-301F-11D3-BF4B-00C04F79EFBC}") = "Unity.2D.Sprite.Editor", "Unity.2D.Sprite.Editor.csproj", "{B7ABA076-1186-F659-1DD5-A393D45194E4}"
EndProject
Project("{FAE04EC0-301F-11D3-BF4B-00C04F79EFBC}") = "NuGetForUnity", "NuGetForUnity.csproj", "{0BAD0EBE-03B9-9761-475F-89D535C26BC9}"
EndProject
Project("{FAE04EC0-301F-11D3-BF4B-00C04F79EFBC}") = "Unity.2D.PixelPerfect.Editor", "Unity.2D.PixelPerfect.Editor.csproj", "{5D640529-96F5-5D8D-A3E0-158ACD7DEA46}"
EndProject
Project("{FAE04EC0-301F-11D3-BF4B-00C04F79EFBC}") = "Unity.Multiplayer.Center.Common", "Unity.Multiplayer.Center.Common.csproj", "{B0228390-B1A3-7B55-012B-9741B47E1E79}"
EndProject
Project("{FAE04EC0-301F-11D3-BF4B-00C04F79EFBC}") = "Unity.InputSystem.ForUI", "Unity.InputSystem.ForUI.csproj", "{D2C4DE23-CE13-CE39-0AA8-9B6B7B52064E}"
EndProject
Project("{FAE04EC0-301F-11D3-BF4B-00C04F79EFBC}") = "Unity.Collections.CodeGen", "Unity.Collections.CodeGen.csproj", "{FD6AF0BC-65E1-84A4-7D97-CE95B574A0F6}"
EndProject
Project("{FAE04EC0-301F-11D3-BF4B-00C04F79EFBC}") = "Unity.2D.Tilemap.Extras", "Unity.2D.Tilemap.Extras.csproj", "{4202E73D-34E1-03BD-A818-5DC589875C8C}"
EndProject
Project("{FAE04EC0-301F-11D3-BF4B-00C04F79EFBC}") = "Unity.Addressables", "Unity.Addressables.csproj", "{C8D69B99-9D39-1E69-AF8B-E3DF36AE3B72}"
EndProject
Project("{FAE04EC0-301F-11D3-BF4B-00C04F79EFBC}") = "Unity.2D.Animation.Runtime", "Unity.2D.Animation.Runtime.csproj", "{1C42B0B3-24E8-C8AA-8D46-0961ADE6DC2C}"
EndProject
Project("{FAE04EC0-301F-11D3-BF4B-00C04F79EFBC}") = "Unity.Mathematics.Editor", "Unity.Mathematics.Editor.csproj", "{695B0242-2F9F-6C8F-0667-46D4573371DD}"
EndProject
Project("{FAE04EC0-301F-11D3-BF4B-00C04F79EFBC}") = "Unity.VisualScripting.SettingsProvider.Editor", "Unity.VisualScripting.SettingsProvider.Editor.csproj", "{AF997B9E-78EB-FA05-2CFF-A83DB480515C}"
EndProject
Project("{FAE04EC0-301F-11D3-BF4B-00C04F79EFBC}") = "UniTask.TextMeshPro", "UniTask.TextMeshPro.csproj", "{64E794BF-763B-9ACC-1256-544D77B3F657}"
EndProject
Project("{FAE04EC0-301F-11D3-BF4B-00C04F79EFBC}") = "Unity.InputSystem.TestFramework", "Unity.InputSystem.TestFramework.csproj", "{064FDA07-EC02-3F1A-47FD-7C80DBDDEEB5}"
EndProject
Project("{FAE04EC0-301F-11D3-BF4B-00C04F79EFBC}") = "Unity.ShaderGraph.Utilities", "Unity.ShaderGraph.Utilities.csproj", "{CC884BF0-05A3-D1AF-521F-0706A3335780}"
EndProject
Project("{FAE04EC0-301F-11D3-BF4B-00C04F79EFBC}") = "Unity.VisualScripting.Shared.Editor", "Unity.VisualScripting.Shared.Editor.csproj", "{8A3F5230-7325-C9E6-19AE-2FBFFA21AB37}"
EndProject
Project("{FAE04EC0-301F-11D3-BF4B-00C04F79EFBC}") = "Unity.Profiling.Core", "Unity.Profiling.Core.csproj", "{58F186B1-6695-CE67-B991-B10630C59064}"
EndProject
Project("{FAE04EC0-301F-11D3-BF4B-00C04F79EFBC}") = "Unity.RenderPipeline.Universal.ShaderLibrary", "Unity.RenderPipeline.Universal.ShaderLibrary.csproj", "{EA71203D-7AF0-AE39-B486-927A4E209F71}"
EndProject
Project("{FAE04EC0-301F-11D3-BF4B-00C04F79EFBC}") = "Unity.2D.Common.Runtime", "Unity.2D.Common.Runtime.csproj", "{D28DFDB1-11A4-8B37-5426-C1C44393BBF8}"
EndProject
Project("{FAE04EC0-301F-11D3-BF4B-00C04F79EFBC}") = "UniTask.Editor", "UniTask.Editor.csproj", "{DAF817E1-7B64-B6AE-B79A-C9B7E31E8892}"
EndProject
Project("{FAE04EC0-301F-11D3-BF4B-00C04F79EFBC}") = "Unity.2D.PixelPerfect", "Unity.2D.PixelPerfect.csproj", "{9A47F595-3DBF-C84A-6B45-2CE3E72980D1}"
EndProject
Project("{FAE04EC0-301F-11D3-BF4B-00C04F79EFBC}") = "Unity.Rendering.LightTransport.Editor", "Unity.Rendering.LightTransport.Editor.csproj", "{11DE5606-4235-215E-FD59-B7348512E5EE}"
EndProject
Project("{FAE04EC0-301F-11D3-BF4B-00C04F79EFBC}") = "Unity.InputSystem.DocCodeSamples", "Unity.InputSystem.DocCodeSamples.csproj", "{B12BECCE-AC24-FDC7-F07D-BA9BF7C0981E}"
EndProject
Project("{FAE04EC0-301F-11D3-BF4B-00C04F79EFBC}") = "Unity.RenderPipelines.Universal.Shaders", "Unity.RenderPipelines.Universal.Shaders.csproj", "{8A35AAE4-DE60-362D-5EE5-539D10F3A609}"
EndProject
Project("{FAE04EC0-301F-11D3-BF4B-00C04F79EFBC}") = "Unity.RenderPipelines.Core.Runtime.Shared", "Unity.RenderPipelines.Core.Runtime.Shared.csproj", "{6C3705EA-70B6-1BE8-2678-5DC1B88C35E1}"
EndProject
Project("{FAE04EC0-301F-11D3-BF4B-00C04F79EFBC}") = "ScriptablePacker", "ScriptablePacker.csproj", "{21873CFF-921E-AF89-BAC2-328286D8A8AD}"
EndProject
Project("{FAE04EC0-301F-11D3-BF4B-00C04F79EFBC}") = "Unity.2D.Sprite.AIIntegration.Editor", "Unity.2D.Sprite.AIIntegration.Editor.csproj", "{68A15B54-14D4-7E4D-ABD4-40CA166B8B39}"
EndProject
Project("{FAE04EC0-301F-11D3-BF4B-00C04F79EFBC}") = "Unity.VisualScripting.DocCodeExamples", "Unity.VisualScripting.DocCodeExamples.csproj", "{CCCF6322-9021-61A0-5745-7A1583B838C4}"
EndProject
Project("{FAE04EC0-301F-11D3-BF4B-00C04F79EFBC}") = "Unity.ScriptableBuildPipeline", "Unity.ScriptableBuildPipeline.csproj", "{98E25284-EB9C-B5E5-4D88-9F6470FB9416}"
EndProject
Project("{FAE04EC0-301F-11D3-BF4B-00C04F79EFBC}") = "Unity.PlasticSCM.Editor.Entities", "Unity.PlasticSCM.Editor.Entities.csproj", "{902D2A70-F3EA-BF51-5C06-BDC640192B3E}"
EndProject
Project("{FAE04EC0-301F-11D3-BF4B-00C04F79EFBC}") = "UniTask.Addressables", "UniTask.Addressables.csproj", "{D92A4456-C676-246E-13AF-B7986E79EA54}"
EndProject
Project("{FAE04EC0-301F-11D3-BF4B-00C04F79EFBC}") = "Unity.Collections.Editor", "Unity.Collections.Editor.csproj", "{7451D514-A8B5-8807-F2F8-47FDE57FF15E}"
EndProject
Project("{FAE04EC0-301F-11D3-BF4B-00C04F79EFBC}") = "UniTask.DOTween", "UniTask.DOTween.csproj", "{17797937-3CF1-4E41-83A6-603487CD2AE1}"
EndProject
Project("{FAE04EC0-301F-11D3-BF4B-00C04F79EFBC}") = "Unity.RenderPipelines.Universal.Config.Runtime", "Unity.RenderPipelines.Universal.Config.Runtime.csproj", "{72391D06-546A-0414-75B9-0EAE56A711FE}"
EndProject
Project("{FAE04EC0-301F-11D3-BF4B-00C04F79EFBC}") = "Unity.RenderPipelines.ShaderGraph.ShaderGraphLibrary", "Unity.RenderPipelines.ShaderGraph.ShaderGraphLibrary.csproj", "{ECAD3638-1C17-DE6C-183A-D3CC8E584902}"
EndProject
Project("{FAE04EC0-301F-11D3-BF4B-00C04F79EFBC}") = "Unity.RenderPipelines.Core.ShaderLibrary", "Unity.RenderPipelines.Core.ShaderLibrary.csproj", "{879F68C1-DB47-3816-16C0-89BEB0BCBABB}"
EndProject
Project("{FAE04EC0-301F-11D3-BF4B-00C04F79EFBC}") = "Unity.RenderPipelines.Core.Editor.Shared", "Unity.RenderPipelines.Core.Editor.Shared.csproj", "{6E4015EA-35ED-89A5-465C-2FD823225ECA}"
EndProject
Project("{FAE04EC0-301F-11D3-BF4B-00C04F79EFBC}") = "Unity.Timeline", "Unity.Timeline.Player.csproj", "{B6108EFF-6F5D-2CBF-68F0-D0A1D3DA7CBD}"
EndProject
Project("{FAE04EC0-301F-11D3-BF4B-00C04F79EFBC}") = "Unity.RenderPipelines.GPUDriven.Runtime", "Unity.RenderPipelines.GPUDriven.Runtime.Player.csproj", "{A12E1C21-62C4-3272-0CF0-8F9CC4833BAF}"
EndProject
Project("{FAE04EC0-301F-11D3-BF4B-00C04F79EFBC}") = "Unity.RenderPipelines.Core.Runtime", "Unity.RenderPipelines.Core.Runtime.Player.csproj", "{A4B3C124-7ACE-581F-E4CD-35DB2BB37081}"
EndProject
Project("{FAE04EC0-301F-11D3-BF4B-00C04F79EFBC}") = "Unity.Mathematics", "Unity.Mathematics.Player.csproj", "{5422F772-B10D-500C-F5E4-C646C62C42D6}"
EndProject
Project("{FAE04EC0-301F-11D3-BF4B-00C04F79EFBC}") = "UnityEngine.UI", "UnityEngine.UI.Player.csproj", "{9AD4E4CF-6FDD-407F-C31A-D9C750ACC5B7}"
EndProject
Project("{FAE04EC0-301F-11D3-BF4B-00C04F79EFBC}") = "Unity.2D.IK.Runtime", "Unity.2D.IK.Runtime.Player.csproj", "{866C9FB1-C2F9-C98E-5F0C-474AF02DC336}"
EndProject
Project("{FAE04EC0-301F-11D3-BF4B-00C04F79EFBC}") = "Unity.Collections", "Unity.Collections.Player.csproj", "{3B1307B6-0667-C4FF-5DDC-4CBCD6FD2E68}"
EndProject
Project("{FAE04EC0-301F-11D3-BF4B-00C04F79EFBC}") = "Unity.RenderPipelines.Universal.2D.Runtime", "Unity.RenderPipelines.Universal.2D.Runtime.Player.csproj", "{1C0FF57A-B696-C55E-3F4D-C5AC88F798BE}"
EndProject
Project("{FAE04EC0-301F-11D3-BF4B-00C04F79EFBC}") = "UnityEngine.TestRunner", "UnityEngine.TestRunner.Player.csproj", "{5A4D0097-E73D-3807-8189-D89E021EB97E}"
EndProject
Project("{FAE04EC0-301F-11D3-BF4B-00C04F79EFBC}") = "Unity.Burst", "Unity.Burst.Player.csproj", "{A03BB9D0-3C30-EA28-6E0C-FD9A67845106}"
EndProject
Project("{FAE04EC0-301F-11D3-BF4B-00C04F79EFBC}") = "Assembly-CSharp", "Assembly-CSharp.Player.csproj", "{411D4C6B-6D87-0FD0-17FC-00C5BD20257E}"
EndProject
Project("{FAE04EC0-301F-11D3-BF4B-00C04F79EFBC}") = "Unity.InputSystem", "Unity.InputSystem.Player.csproj", "{BEC84364-24E7-FF98-DBF1-02BB7213355A}"
EndProject
Project("{FAE04EC0-301F-11D3-BF4B-00C04F79EFBC}") = "UniTask", "UniTask.Player.csproj", "{22A50DB9-9FCF-FDEB-9A42-913240C2E791}"
EndProject
Project("{FAE04EC0-301F-11D3-BF4B-00C04F79EFBC}") = "Unity.ResourceManager", "Unity.ResourceManager.Player.csproj", "{6A40C5CC-9F42-2700-FF0E-963BF60913D3}"
EndProject
Project("{FAE04EC0-301F-11D3-BF4B-00C04F79EFBC}") = "Unity.2D.SpriteShape.Runtime", "Unity.2D.SpriteShape.Runtime.Player.csproj", "{CDF7DC3E-8E38-25D3-0EFB-16C786B7249F}"
EndProject
Project("{FAE04EC0-301F-11D3-BF4B-00C04F79EFBC}") = "Unity.VisualScripting.Core", "Unity.VisualScripting.Core.Player.csproj", "{CD38A31F-B73F-E917-0D10-1051392DDF73}"
EndProject
Project("{FAE04EC0-301F-11D3-BF4B-00C04F79EFBC}") = "Unity.RenderPipelines.Universal.Runtime", "Unity.RenderPipelines.Universal.Runtime.Player.csproj", "{EB5B1917-7D4D-4955-3FF8-019D5923DAD0}"
EndProject
Project("{FAE04EC0-301F-11D3-BF4B-00C04F79EFBC}") = "Unity.VisualScripting.Flow", "Unity.VisualScripting.Flow.Player.csproj", "{1AD4ED1C-AE08-FDAE-3168-EA448504A1FA}"
EndProject
Project("{FAE04EC0-301F-11D3-BF4B-00C04F79EFBC}") = "Unity.PerformanceTesting", "Unity.PerformanceTesting.Player.csproj", "{CFA769BC-6882-0AE1-5CBE-28344F776DB2}"
EndProject
Project("{FAE04EC0-301F-11D3-BF4B-00C04F79EFBC}") = "Unity.TextMeshPro", "Unity.TextMeshPro.Player.csproj", "{7F7DAABB-E80A-3052-0A57-526072290636}"
EndProject
Project("{FAE04EC0-301F-11D3-BF4B-00C04F79EFBC}") = "UniTask.Linq", "UniTask.Linq.Player.csproj", "{6C6793CC-8C3E-6CE5-655B-84F69E4FCE8C}"
EndProject
Project("{FAE04EC0-301F-11D3-BF4B-00C04F79EFBC}") = "Unity.Rendering.LightTransport.Runtime", "Unity.Rendering.LightTransport.Runtime.Player.csproj", "{B96C8B13-EF62-AA2E-D7A7-A39237BD4E96}"
EndProject
Project("{FAE04EC0-301F-11D3-BF4B-00C04F79EFBC}") = "Unity.InternalAPIEngineBridge.001", "Unity.InternalAPIEngineBridge.001.Player.csproj", "{35DE9A86-9C45-2C02-6569-46C533494EB5}"
EndProject
Project("{FAE04EC0-301F-11D3-BF4B-00C04F79EFBC}") = "Unity.VisualScripting.State", "Unity.VisualScripting.State.Player.csproj", "{8B6C3036-6197-D200-D088-0361B0AEDF8B}"
EndProject
Project("{FAE04EC0-301F-11D3-BF4B-00C04F79EFBC}") = "Unity.Multiplayer.Center.Common", "Unity.Multiplayer.Center.Common.Player.csproj", "{C1E88986-8724-3F14-F355-E1058F628846}"
EndProject
Project("{FAE04EC0-301F-11D3-BF4B-00C04F79EFBC}") = "Unity.InputSystem.ForUI", "Unity.InputSystem.ForUI.Player.csproj", "{A77F08AC-8765-24D9-8471-F0E2FB239A8A}"
EndProject
Project("{FAE04EC0-301F-11D3-BF4B-00C04F79EFBC}") = "Unity.2D.Tilemap.Extras", "Unity.2D.Tilemap.Extras.Player.csproj", "{70261DBC-7A57-4271-8280-4B856951475E}"
EndProject
Project("{FAE04EC0-301F-11D3-BF4B-00C04F79EFBC}") = "Unity.Addressables", "Unity.Addressables.Player.csproj", "{F2271CE0-8B76-D00D-6829-03690CB472B3}"
EndProject
Project("{FAE04EC0-301F-11D3-BF4B-00C04F79EFBC}") = "Unity.2D.Animation.Runtime", "Unity.2D.Animation.Runtime.Player.csproj", "{122D49BC-F86A-AADF-8A78-E2713C3B1CA5}"
EndProject
Project("{FAE04EC0-301F-11D3-BF4B-00C04F79EFBC}") = "UniTask.TextMeshPro", "UniTask.TextMeshPro.Player.csproj", "{79D9E51E-259C-D709-44D9-E6E287CEE001}"
EndProject
Project("{FAE04EC0-301F-11D3-BF4B-00C04F79EFBC}") = "Unity.InputSystem.TestFramework", "Unity.InputSystem.TestFramework.Player.csproj", "{5634A139-18CD-A8C2-A653-D69BBC60016F}"
EndProject
Project("{FAE04EC0-301F-11D3-BF4B-00C04F79EFBC}") = "Unity.Profiling.Core", "Unity.Profiling.Core.Player.csproj", "{7E85C6B0-58FC-DE1E-9954-77D359BAC33B}"
EndProject
Project("{FAE04EC0-301F-11D3-BF4B-00C04F79EFBC}") = "Unity.RenderPipeline.Universal.ShaderLibrary", "Unity.RenderPipeline.Universal.ShaderLibrary.Player.csproj", "{03385724-5B76-EF45-A531-0632CFDC8AF3}"
EndProject
Project("{FAE04EC0-301F-11D3-BF4B-00C04F79EFBC}") = "Unity.2D.Common.Runtime", "Unity.2D.Common.Runtime.Player.csproj", "{43310CB1-2CB4-8751-2258-5CD228FB56AD}"
EndProject
Project("{FAE04EC0-301F-11D3-BF4B-00C04F79EFBC}") = "Unity.2D.PixelPerfect", "Unity.2D.PixelPerfect.Player.csproj", "{33C99DA2-BB92-446C-D7A2-925976BA203E}"
EndProject
Project("{FAE04EC0-301F-11D3-BF4B-00C04F79EFBC}") = "Unity.RenderPipelines.Universal.Shaders", "Unity.RenderPipelines.Universal.Shaders.Player.csproj", "{969BC883-89F9-6490-1C5D-74935CA3BE6B}"
EndProject
Project("{FAE04EC0-301F-11D3-BF4B-00C04F79EFBC}") = "Unity.RenderPipelines.Core.Runtime.Shared", "Unity.RenderPipelines.Core.Runtime.Shared.Player.csproj", "{83D5D0AC-8E5B-B7A8-E44C-67DFEFEE2E78}"
EndProject
Project("{FAE04EC0-301F-11D3-BF4B-00C04F79EFBC}") = "Unity.VisualScripting.DocCodeExamples", "Unity.VisualScripting.DocCodeExamples.Player.csproj", "{907A2DF1-3277-BBAD-B359-8F921EE538B2}"
EndProject
Project("{FAE04EC0-301F-11D3-BF4B-00C04F79EFBC}") = "Unity.ScriptableBuildPipeline", "Unity.ScriptableBuildPipeline.Player.csproj", "{00DDF42C-294B-0A62-46C3-8659F899B4E7}"
EndProject
Project("{FAE04EC0-301F-11D3-BF4B-00C04F79EFBC}") = "UniTask.Addressables", "UniTask.Addressables.Player.csproj", "{33FCA4BE-9AA1-526B-5084-77B503D09772}"
EndProject
Project("{FAE04EC0-301F-11D3-BF4B-00C04F79EFBC}") = "UniTask.DOTween", "UniTask.DOTween.Player.csproj", "{8F23E262-78C5-7A77-837C-288BCCCA895D}"
EndProject
Project("{FAE04EC0-301F-11D3-BF4B-00C04F79EFBC}") = "Unity.RenderPipelines.Universal.Config.Runtime", "Unity.RenderPipelines.Universal.Config.Runtime.Player.csproj", "{3BF0CD79-094A-E340-F57B-B7679A4A2E8C}"
EndProject
Project("{FAE04EC0-301F-11D3-BF4B-00C04F79EFBC}") = "Unity.RenderPipelines.ShaderGraph.ShaderGraphLibrary", "Unity.RenderPipelines.ShaderGraph.ShaderGraphLibrary.Player.csproj", "{D616AE64-78A1-62A0-1C0F-68E3318174A7}"
EndProject
Project("{FAE04EC0-301F-11D3-BF4B-00C04F79EFBC}") = "Unity.RenderPipelines.Core.ShaderLibrary", "Unity.RenderPipelines.Core.ShaderLibrary.Player.csproj", "{AB8807A3-5FF8-3098-E339-4833A1654DCD}"
EndProject
Global
	GlobalSection(SolutionConfigurationPlatforms) = preSolution
		Debug|Any CPU = Debug|Any CPU
		Release|Any CPU = Release|Any CPU
	EndGlobalSection
	GlobalSection(ProjectConfigurationPlatforms) = postSolution
		{36212A5F-085A-F407-E14E-3D3C6D43DDF1}.Debug|Any CPU.ActiveCfg = Debug|Any CPU
		{36212A5F-085A-F407-E14E-3D3C6D43DDF1}.Debug|Any CPU.Build.0 = Debug|Any CPU
		{36212A5F-085A-F407-E14E-3D3C6D43DDF1}.Release|Any CPU.ActiveCfg = Release|Any CPU
		{36212A5F-085A-F407-E14E-3D3C6D43DDF1}.Release|Any CPU.Build.0 = Release|Any CPU
		{024421FA-90D9-3817-4350-902AD59D630E}.Debug|Any CPU.ActiveCfg = Debug|Any CPU
		{024421FA-90D9-3817-4350-902AD59D630E}.Debug|Any CPU.Build.0 = Debug|Any CPU
		{024421FA-90D9-3817-4350-902AD59D630E}.Release|Any CPU.ActiveCfg = Release|Any CPU
		{024421FA-90D9-3817-4350-902AD59D630E}.Release|Any CPU.Build.0 = Release|Any CPU
		{C762EA5A-9226-61C9-33CC-39BC5B3640DD}.Debug|Any CPU.ActiveCfg = Debug|Any CPU
		{C762EA5A-9226-61C9-33CC-39BC5B3640DD}.Debug|Any CPU.Build.0 = Debug|Any CPU
		{C762EA5A-9226-61C9-33CC-39BC5B3640DD}.Release|Any CPU.ActiveCfg = Release|Any CPU
		{C762EA5A-9226-61C9-33CC-39BC5B3640DD}.Release|Any CPU.Build.0 = Release|Any CPU
		{E1B451E6-0FC8-6306-1F6A-1A5CB7A6F349}.Debug|Any CPU.ActiveCfg = Debug|Any CPU
		{E1B451E6-0FC8-6306-1F6A-1A5CB7A6F349}.Debug|Any CPU.Build.0 = Debug|Any CPU
		{E1B451E6-0FC8-6306-1F6A-1A5CB7A6F349}.Release|Any CPU.ActiveCfg = Release|Any CPU
		{E1B451E6-0FC8-6306-1F6A-1A5CB7A6F349}.Release|Any CPU.Build.0 = Release|Any CPU
		{8709CA7F-61FA-9B84-3DE0-23795B92FE89}.Debug|Any CPU.ActiveCfg = Debug|Any CPU
		{8709CA7F-61FA-9B84-3DE0-23795B92FE89}.Debug|Any CPU.Build.0 = Debug|Any CPU
		{8709CA7F-61FA-9B84-3DE0-23795B92FE89}.Release|Any CPU.ActiveCfg = Release|Any CPU
		{8709CA7F-61FA-9B84-3DE0-23795B92FE89}.Release|Any CPU.Build.0 = Release|Any CPU
		{37184B2F-9602-EF83-6186-B64F0ED0FB0F}.Debug|Any CPU.ActiveCfg = Debug|Any CPU
		{37184B2F-9602-EF83-6186-B64F0ED0FB0F}.Debug|Any CPU.Build.0 = Debug|Any CPU
		{37184B2F-9602-EF83-6186-B64F0ED0FB0F}.Release|Any CPU.ActiveCfg = Release|Any CPU
		{37184B2F-9602-EF83-6186-B64F0ED0FB0F}.Release|Any CPU.Build.0 = Release|Any CPU
		{84147590-8E24-1EB4-4BD6-FB69377C1160}.Debug|Any CPU.ActiveCfg = Debug|Any CPU
		{84147590-8E24-1EB4-4BD6-FB69377C1160}.Debug|Any CPU.Build.0 = Debug|Any CPU
		{84147590-8E24-1EB4-4BD6-FB69377C1160}.Release|Any CPU.ActiveCfg = Release|Any CPU
		{84147590-8E24-1EB4-4BD6-FB69377C1160}.Release|Any CPU.Build.0 = Release|Any CPU
		{D8FC849F-C73D-F5DE-997E-644113EA5F81}.Debug|Any CPU.ActiveCfg = Debug|Any CPU
		{D8FC849F-C73D-F5DE-997E-644113EA5F81}.Debug|Any CPU.Build.0 = Debug|Any CPU
		{D8FC849F-C73D-F5DE-997E-644113EA5F81}.Release|Any CPU.ActiveCfg = Release|Any CPU
		{D8FC849F-C73D-F5DE-997E-644113EA5F81}.Release|Any CPU.Build.0 = Release|Any CPU
		{0EE47A38-B8AF-FAB6-C868-A1521849F63C}.Debug|Any CPU.ActiveCfg = Debug|Any CPU
		{0EE47A38-B8AF-FAB6-C868-A1521849F63C}.Debug|Any CPU.Build.0 = Debug|Any CPU
		{0EE47A38-B8AF-FAB6-C868-A1521849F63C}.Release|Any CPU.ActiveCfg = Release|Any CPU
		{0EE47A38-B8AF-FAB6-C868-A1521849F63C}.Release|Any CPU.Build.0 = Release|Any CPU
		{CE8E568F-4363-2F9D-CB2B-9B7A9A441102}.Debug|Any CPU.ActiveCfg = Debug|Any CPU
		{CE8E568F-4363-2F9D-CB2B-9B7A9A441102}.Debug|Any CPU.Build.0 = Debug|Any CPU
		{CE8E568F-4363-2F9D-CB2B-9B7A9A441102}.Release|Any CPU.ActiveCfg = Release|Any CPU
		{CE8E568F-4363-2F9D-CB2B-9B7A9A441102}.Release|Any CPU.Build.0 = Release|Any CPU
		{9F5A7793-C890-39CC-BA3F-E368944C013E}.Debug|Any CPU.ActiveCfg = Debug|Any CPU
		{9F5A7793-C890-39CC-BA3F-E368944C013E}.Debug|Any CPU.Build.0 = Debug|Any CPU
		{9F5A7793-C890-39CC-BA3F-E368944C013E}.Release|Any CPU.ActiveCfg = Release|Any CPU
		{9F5A7793-C890-39CC-BA3F-E368944C013E}.Release|Any CPU.Build.0 = Release|Any CPU
		{E6630F98-061C-D4B0-6119-95A5365B5EB7}.Debug|Any CPU.ActiveCfg = Debug|Any CPU
		{E6630F98-061C-D4B0-6119-95A5365B5EB7}.Debug|Any CPU.Build.0 = Debug|Any CPU
		{E6630F98-061C-D4B0-6119-95A5365B5EB7}.Release|Any CPU.ActiveCfg = Release|Any CPU
		{E6630F98-061C-D4B0-6119-95A5365B5EB7}.Release|Any CPU.Build.0 = Release|Any CPU
		{FB611AC6-58E7-619A-A21D-903C74F0B8CA}.Debug|Any CPU.ActiveCfg = Debug|Any CPU
		{FB611AC6-58E7-619A-A21D-903C74F0B8CA}.Debug|Any CPU.Build.0 = Debug|Any CPU
		{FB611AC6-58E7-619A-A21D-903C74F0B8CA}.Release|Any CPU.ActiveCfg = Release|Any CPU
		{FB611AC6-58E7-619A-A21D-903C74F0B8CA}.Release|Any CPU.Build.0 = Release|Any CPU
		{0E1BC30B-95AC-B61A-886F-7AC30A5945C1}.Debug|Any CPU.ActiveCfg = Debug|Any CPU
		{0E1BC30B-95AC-B61A-886F-7AC30A5945C1}.Debug|Any CPU.Build.0 = Debug|Any CPU
		{0E1BC30B-95AC-B61A-886F-7AC30A5945C1}.Release|Any CPU.ActiveCfg = Release|Any CPU
		{0E1BC30B-95AC-B61A-886F-7AC30A5945C1}.Release|Any CPU.Build.0 = Release|Any CPU
		{EC485092-2DCA-618C-11E7-75A3AF25D4A8}.Debug|Any CPU.ActiveCfg = Debug|Any CPU
		{EC485092-2DCA-618C-11E7-75A3AF25D4A8}.Debug|Any CPU.Build.0 = Debug|Any CPU
		{EC485092-2DCA-618C-11E7-75A3AF25D4A8}.Release|Any CPU.ActiveCfg = Release|Any CPU
		{EC485092-2DCA-618C-11E7-75A3AF25D4A8}.Release|Any CPU.Build.0 = Release|Any CPU
		{AD6B79B9-B238-B53C-1DEA-7CFA898FF5E9}.Debug|Any CPU.ActiveCfg = Debug|Any CPU
		{AD6B79B9-B238-B53C-1DEA-7CFA898FF5E9}.Debug|Any CPU.Build.0 = Debug|Any CPU
		{AD6B79B9-B238-B53C-1DEA-7CFA898FF5E9}.Release|Any CPU.ActiveCfg = Release|Any CPU
		{AD6B79B9-B238-B53C-1DEA-7CFA898FF5E9}.Release|Any CPU.Build.0 = Release|Any CPU
		{E8A24002-BB54-B208-0BEA-2E66E54970CE}.Debug|Any CPU.ActiveCfg = Debug|Any CPU
		{E8A24002-BB54-B208-0BEA-2E66E54970CE}.Debug|Any CPU.Build.0 = Debug|Any CPU
		{E8A24002-BB54-B208-0BEA-2E66E54970CE}.Release|Any CPU.ActiveCfg = Release|Any CPU
		{E8A24002-BB54-B208-0BEA-2E66E54970CE}.Release|Any CPU.Build.0 = Release|Any CPU
		{AAD1D058-7800-F03B-6FEC-71F6E1839C9D}.Debug|Any CPU.ActiveCfg = Debug|Any CPU
		{AAD1D058-7800-F03B-6FEC-71F6E1839C9D}.Debug|Any CPU.Build.0 = Debug|Any CPU
		{AAD1D058-7800-F03B-6FEC-71F6E1839C9D}.Release|Any CPU.ActiveCfg = Release|Any CPU
		{AAD1D058-7800-F03B-6FEC-71F6E1839C9D}.Release|Any CPU.Build.0 = Release|Any CPU
		{B54937EA-F184-2662-43D8-1DB2FA3B6095}.Debug|Any CPU.ActiveCfg = Debug|Any CPU
		{B54937EA-F184-2662-43D8-1DB2FA3B6095}.Debug|Any CPU.Build.0 = Debug|Any CPU
		{B54937EA-F184-2662-43D8-1DB2FA3B6095}.Release|Any CPU.ActiveCfg = Release|Any CPU
		{B54937EA-F184-2662-43D8-1DB2FA3B6095}.Release|Any CPU.Build.0 = Release|Any CPU
		{EEF8D3E9-137F-FA17-4E21-9F00C03A3EFE}.Debug|Any CPU.ActiveCfg = Debug|Any CPU
		{EEF8D3E9-137F-FA17-4E21-9F00C03A3EFE}.Debug|Any CPU.Build.0 = Debug|Any CPU
		{EEF8D3E9-137F-FA17-4E21-9F00C03A3EFE}.Release|Any CPU.ActiveCfg = Release|Any CPU
		{EEF8D3E9-137F-FA17-4E21-9F00C03A3EFE}.Release|Any CPU.Build.0 = Release|Any CPU
		{B55B35FD-6FCF-B95A-5C2C-7F00769605D1}.Debug|Any CPU.ActiveCfg = Debug|Any CPU
		{B55B35FD-6FCF-B95A-5C2C-7F00769605D1}.Debug|Any CPU.Build.0 = Debug|Any CPU
		{B55B35FD-6FCF-B95A-5C2C-7F00769605D1}.Release|Any CPU.ActiveCfg = Release|Any CPU
		{B55B35FD-6FCF-B95A-5C2C-7F00769605D1}.Release|Any CPU.Build.0 = Release|Any CPU
		{3EE5A388-B798-0925-42C1-B75F67DCBADD}.Debug|Any CPU.ActiveCfg = Debug|Any CPU
		{3EE5A388-B798-0925-42C1-B75F67DCBADD}.Debug|Any CPU.Build.0 = Debug|Any CPU
		{3EE5A388-B798-0925-42C1-B75F67DCBADD}.Release|Any CPU.ActiveCfg = Release|Any CPU
		{3EE5A388-B798-0925-42C1-B75F67DCBADD}.Release|Any CPU.Build.0 = Release|Any CPU
		{093FADCA-3A5E-5CB1-77A7-471E0AC1E688}.Debug|Any CPU.ActiveCfg = Debug|Any CPU
		{093FADCA-3A5E-5CB1-77A7-471E0AC1E688}.Debug|Any CPU.Build.0 = Debug|Any CPU
		{093FADCA-3A5E-5CB1-77A7-471E0AC1E688}.Release|Any CPU.ActiveCfg = Release|Any CPU
		{093FADCA-3A5E-5CB1-77A7-471E0AC1E688}.Release|Any CPU.Build.0 = Release|Any CPU
		{C3814237-0403-3793-F1D6-3DF61DE07632}.Debug|Any CPU.ActiveCfg = Debug|Any CPU
		{C3814237-0403-3793-F1D6-3DF61DE07632}.Debug|Any CPU.Build.0 = Debug|Any CPU
		{C3814237-0403-3793-F1D6-3DF61DE07632}.Release|Any CPU.ActiveCfg = Release|Any CPU
		{C3814237-0403-3793-F1D6-3DF61DE07632}.Release|Any CPU.Build.0 = Release|Any CPU
		{BC7CE488-A7CA-B0E0-A93C-2FE6CD73A95E}.Debug|Any CPU.ActiveCfg = Debug|Any CPU
		{BC7CE488-A7CA-B0E0-A93C-2FE6CD73A95E}.Debug|Any CPU.Build.0 = Debug|Any CPU
		{BC7CE488-A7CA-B0E0-A93C-2FE6CD73A95E}.Release|Any CPU.ActiveCfg = Release|Any CPU
		{BC7CE488-A7CA-B0E0-A93C-2FE6CD73A95E}.Release|Any CPU.Build.0 = Release|Any CPU
		{4F4B8D39-0AC2-FFBA-9645-8E05C6B1D21D}.Debug|Any CPU.ActiveCfg = Debug|Any CPU
		{4F4B8D39-0AC2-FFBA-9645-8E05C6B1D21D}.Debug|Any CPU.Build.0 = Debug|Any CPU
		{4F4B8D39-0AC2-FFBA-9645-8E05C6B1D21D}.Release|Any CPU.ActiveCfg = Release|Any CPU
		{4F4B8D39-0AC2-FFBA-9645-8E05C6B1D21D}.Release|Any CPU.Build.0 = Release|Any CPU
		{2E67384B-FE3C-2122-A49E-E027004C409B}.Debug|Any CPU.ActiveCfg = Debug|Any CPU
		{2E67384B-FE3C-2122-A49E-E027004C409B}.Debug|Any CPU.Build.0 = Debug|Any CPU
		{2E67384B-FE3C-2122-A49E-E027004C409B}.Release|Any CPU.ActiveCfg = Release|Any CPU
		{2E67384B-FE3C-2122-A49E-E027004C409B}.Release|Any CPU.Build.0 = Release|Any CPU
		{9E40CB5E-A710-99AC-FBFC-768860EC23BA}.Debug|Any CPU.ActiveCfg = Debug|Any CPU
		{9E40CB5E-A710-99AC-FBFC-768860EC23BA}.Debug|Any CPU.Build.0 = Debug|Any CPU
		{9E40CB5E-A710-99AC-FBFC-768860EC23BA}.Release|Any CPU.ActiveCfg = Release|Any CPU
		{9E40CB5E-A710-99AC-FBFC-768860EC23BA}.Release|Any CPU.Build.0 = Release|Any CPU
		{D904C0BF-E710-8E04-C1B6-2311641ED65B}.Debug|Any CPU.ActiveCfg = Debug|Any CPU
		{D904C0BF-E710-8E04-C1B6-2311641ED65B}.Debug|Any CPU.Build.0 = Debug|Any CPU
		{D904C0BF-E710-8E04-C1B6-2311641ED65B}.Release|Any CPU.ActiveCfg = Release|Any CPU
		{D904C0BF-E710-8E04-C1B6-2311641ED65B}.Release|Any CPU.Build.0 = Release|Any CPU
		{DB758D25-D05E-E6A2-7462-F49F6DBDEAE6}.Debug|Any CPU.ActiveCfg = Debug|Any CPU
		{DB758D25-D05E-E6A2-7462-F49F6DBDEAE6}.Debug|Any CPU.Build.0 = Debug|Any CPU
		{DB758D25-D05E-E6A2-7462-F49F6DBDEAE6}.Release|Any CPU.ActiveCfg = Release|Any CPU
		{DB758D25-D05E-E6A2-7462-F49F6DBDEAE6}.Release|Any CPU.Build.0 = Release|Any CPU
		{4EF8D127-BC32-0B15-B4F2-AB0A2964B28A}.Debug|Any CPU.ActiveCfg = Debug|Any CPU
		{4EF8D127-BC32-0B15-B4F2-AB0A2964B28A}.Debug|Any CPU.Build.0 = Debug|Any CPU
		{4EF8D127-BC32-0B15-B4F2-AB0A2964B28A}.Release|Any CPU.ActiveCfg = Release|Any CPU
		{4EF8D127-BC32-0B15-B4F2-AB0A2964B28A}.Release|Any CPU.Build.0 = Release|Any CPU
		{D816F433-8A17-2486-2F79-8E4143956230}.Debug|Any CPU.ActiveCfg = Debug|Any CPU
		{D816F433-8A17-2486-2F79-8E4143956230}.Debug|Any CPU.Build.0 = Debug|Any CPU
		{D816F433-8A17-2486-2F79-8E4143956230}.Release|Any CPU.ActiveCfg = Release|Any CPU
		{D816F433-8A17-2486-2F79-8E4143956230}.Release|Any CPU.Build.0 = Release|Any CPU
		{C423AB75-3AEE-377C-6471-D0F9C702FBA7}.Debug|Any CPU.ActiveCfg = Debug|Any CPU
		{C423AB75-3AEE-377C-6471-D0F9C702FBA7}.Debug|Any CPU.Build.0 = Debug|Any CPU
		{C423AB75-3AEE-377C-6471-D0F9C702FBA7}.Release|Any CPU.ActiveCfg = Release|Any CPU
		{C423AB75-3AEE-377C-6471-D0F9C702FBA7}.Release|Any CPU.Build.0 = Release|Any CPU
		{E2652611-3429-3912-D6A2-A21745173A20}.Debug|Any CPU.ActiveCfg = Debug|Any CPU
		{E2652611-3429-3912-D6A2-A21745173A20}.Debug|Any CPU.Build.0 = Debug|Any CPU
		{E2652611-3429-3912-D6A2-A21745173A20}.Release|Any CPU.ActiveCfg = Release|Any CPU
		{E2652611-3429-3912-D6A2-A21745173A20}.Release|Any CPU.Build.0 = Release|Any CPU
		{BED43073-D1C5-C196-619F-8078BF3DFBA1}.Debug|Any CPU.ActiveCfg = Debug|Any CPU
		{BED43073-D1C5-C196-619F-8078BF3DFBA1}.Debug|Any CPU.Build.0 = Debug|Any CPU
		{BED43073-D1C5-C196-619F-8078BF3DFBA1}.Release|Any CPU.ActiveCfg = Release|Any CPU
		{BED43073-D1C5-C196-619F-8078BF3DFBA1}.Release|Any CPU.Build.0 = Release|Any CPU
		{3549DAA4-3369-AF9F-73FC-F11C873F442F}.Debug|Any CPU.ActiveCfg = Debug|Any CPU
		{3549DAA4-3369-AF9F-73FC-F11C873F442F}.Debug|Any CPU.Build.0 = Debug|Any CPU
		{3549DAA4-3369-AF9F-73FC-F11C873F442F}.Release|Any CPU.ActiveCfg = Release|Any CPU
		{3549DAA4-3369-AF9F-73FC-F11C873F442F}.Release|Any CPU.Build.0 = Release|Any CPU
		{CDEBB484-62FC-EB8B-6929-94F4687ECDA1}.Debug|Any CPU.ActiveCfg = Debug|Any CPU
		{CDEBB484-62FC-EB8B-6929-94F4687ECDA1}.Debug|Any CPU.Build.0 = Debug|Any CPU
		{CDEBB484-62FC-EB8B-6929-94F4687ECDA1}.Release|Any CPU.ActiveCfg = Release|Any CPU
		{CDEBB484-62FC-EB8B-6929-94F4687ECDA1}.Release|Any CPU.Build.0 = Release|Any CPU
		{224252DC-89FB-FA2D-6EEF-82914F5F3BD6}.Debug|Any CPU.ActiveCfg = Debug|Any CPU
		{224252DC-89FB-FA2D-6EEF-82914F5F3BD6}.Debug|Any CPU.Build.0 = Debug|Any CPU
		{224252DC-89FB-FA2D-6EEF-82914F5F3BD6}.Release|Any CPU.ActiveCfg = Release|Any CPU
		{224252DC-89FB-FA2D-6EEF-82914F5F3BD6}.Release|Any CPU.Build.0 = Release|Any CPU
		{1D543865-922C-538E-0A2D-4139C6EC5D53}.Debug|Any CPU.ActiveCfg = Debug|Any CPU
		{1D543865-922C-538E-0A2D-4139C6EC5D53}.Debug|Any CPU.Build.0 = Debug|Any CPU
		{1D543865-922C-538E-0A2D-4139C6EC5D53}.Release|Any CPU.ActiveCfg = Release|Any CPU
		{1D543865-922C-538E-0A2D-4139C6EC5D53}.Release|Any CPU.Build.0 = Release|Any CPU
		{C0FA968A-18ED-9F3B-85AC-7065591CE00D}.Debug|Any CPU.ActiveCfg = Debug|Any CPU
		{C0FA968A-18ED-9F3B-85AC-7065591CE00D}.Debug|Any CPU.Build.0 = Debug|Any CPU
		{C0FA968A-18ED-9F3B-85AC-7065591CE00D}.Release|Any CPU.ActiveCfg = Release|Any CPU
		{C0FA968A-18ED-9F3B-85AC-7065591CE00D}.Release|Any CPU.Build.0 = Release|Any CPU
		{BA2B706C-3335-CE78-0C69-3548ADAAD9D1}.Debug|Any CPU.ActiveCfg = Debug|Any CPU
		{BA2B706C-3335-CE78-0C69-3548ADAAD9D1}.Debug|Any CPU.Build.0 = Debug|Any CPU
		{BA2B706C-3335-CE78-0C69-3548ADAAD9D1}.Release|Any CPU.ActiveCfg = Release|Any CPU
		{BA2B706C-3335-CE78-0C69-3548ADAAD9D1}.Release|Any CPU.Build.0 = Release|Any CPU
		{F01A6013-7ECF-16A4-5456-E093972A805C}.Debug|Any CPU.ActiveCfg = Debug|Any CPU
		{F01A6013-7ECF-16A4-5456-E093972A805C}.Debug|Any CPU.Build.0 = Debug|Any CPU
		{F01A6013-7ECF-16A4-5456-E093972A805C}.Release|Any CPU.ActiveCfg = Release|Any CPU
		{F01A6013-7ECF-16A4-5456-E093972A805C}.Release|Any CPU.Build.0 = Release|Any CPU
		{ECB46AAC-4CAB-A4B0-96AC-BF1DD5DD9061}.Debug|Any CPU.ActiveCfg = Debug|Any CPU
		{ECB46AAC-4CAB-A4B0-96AC-BF1DD5DD9061}.Debug|Any CPU.Build.0 = Debug|Any CPU
		{ECB46AAC-4CAB-A4B0-96AC-BF1DD5DD9061}.Release|Any CPU.ActiveCfg = Release|Any CPU
		{ECB46AAC-4CAB-A4B0-96AC-BF1DD5DD9061}.Release|Any CPU.Build.0 = Release|Any CPU
		{4CEFC1EB-C6E2-08E8-F333-D76486EAE3E5}.Debug|Any CPU.ActiveCfg = Debug|Any CPU
		{4CEFC1EB-C6E2-08E8-F333-D76486EAE3E5}.Debug|Any CPU.Build.0 = Debug|Any CPU
		{4CEFC1EB-C6E2-08E8-F333-D76486EAE3E5}.Release|Any CPU.ActiveCfg = Release|Any CPU
		{4CEFC1EB-C6E2-08E8-F333-D76486EAE3E5}.Release|Any CPU.Build.0 = Release|Any CPU
		{A892AB07-8F25-9226-7F8D-733540BA3BA6}.Debug|Any CPU.ActiveCfg = Debug|Any CPU
		{A892AB07-8F25-9226-7F8D-733540BA3BA6}.Debug|Any CPU.Build.0 = Debug|Any CPU
		{A892AB07-8F25-9226-7F8D-733540BA3BA6}.Release|Any CPU.ActiveCfg = Release|Any CPU
		{A892AB07-8F25-9226-7F8D-733540BA3BA6}.Release|Any CPU.Build.0 = Release|Any CPU
		{9A5FD7B1-7991-9CD1-99A6-F1CAE3FB8F52}.Debug|Any CPU.ActiveCfg = Debug|Any CPU
		{9A5FD7B1-7991-9CD1-99A6-F1CAE3FB8F52}.Debug|Any CPU.Build.0 = Debug|Any CPU
		{9A5FD7B1-7991-9CD1-99A6-F1CAE3FB8F52}.Release|Any CPU.ActiveCfg = Release|Any CPU
		{9A5FD7B1-7991-9CD1-99A6-F1CAE3FB8F52}.Release|Any CPU.Build.0 = Release|Any CPU
		{62564D6C-66A4-52FC-D160-35F830A71D32}.Debug|Any CPU.ActiveCfg = Debug|Any CPU
		{62564D6C-66A4-52FC-D160-35F830A71D32}.Debug|Any CPU.Build.0 = Debug|Any CPU
		{62564D6C-66A4-52FC-D160-35F830A71D32}.Release|Any CPU.ActiveCfg = Release|Any CPU
		{62564D6C-66A4-52FC-D160-35F830A71D32}.Release|Any CPU.Build.0 = Release|Any CPU
		{44FEEDC2-FF6D-21C2-AB58-734C3E1A2100}.Debug|Any CPU.ActiveCfg = Debug|Any CPU
		{44FEEDC2-FF6D-21C2-AB58-734C3E1A2100}.Debug|Any CPU.Build.0 = Debug|Any CPU
		{44FEEDC2-FF6D-21C2-AB58-734C3E1A2100}.Release|Any CPU.ActiveCfg = Release|Any CPU
		{44FEEDC2-FF6D-21C2-AB58-734C3E1A2100}.Release|Any CPU.Build.0 = Release|Any CPU
		{A92690E4-C701-882A-7955-D7FE57FE8759}.Debug|Any CPU.ActiveCfg = Debug|Any CPU
		{A92690E4-C701-882A-7955-D7FE57FE8759}.Debug|Any CPU.Build.0 = Debug|Any CPU
		{A92690E4-C701-882A-7955-D7FE57FE8759}.Release|Any CPU.ActiveCfg = Release|Any CPU
		{A92690E4-C701-882A-7955-D7FE57FE8759}.Release|Any CPU.Build.0 = Release|Any CPU
		{C925A937-E3DC-196A-B53F-3C8B64921FFD}.Debug|Any CPU.ActiveCfg = Debug|Any CPU
		{C925A937-E3DC-196A-B53F-3C8B64921FFD}.Debug|Any CPU.Build.0 = Debug|Any CPU
		{C925A937-E3DC-196A-B53F-3C8B64921FFD}.Release|Any CPU.ActiveCfg = Release|Any CPU
		{C925A937-E3DC-196A-B53F-3C8B64921FFD}.Release|Any CPU.Build.0 = Release|Any CPU
		{7FBD5573-CFA2-0E6F-0DA6-812ED5BCA407}.Debug|Any CPU.ActiveCfg = Debug|Any CPU
		{7FBD5573-CFA2-0E6F-0DA6-812ED5BCA407}.Debug|Any CPU.Build.0 = Debug|Any CPU
		{7FBD5573-CFA2-0E6F-0DA6-812ED5BCA407}.Release|Any CPU.ActiveCfg = Release|Any CPU
		{7FBD5573-CFA2-0E6F-0DA6-812ED5BCA407}.Release|Any CPU.Build.0 = Release|Any CPU
		{DEED6ACF-B75E-C907-6E41-FFB7F6255B58}.Debug|Any CPU.ActiveCfg = Debug|Any CPU
		{DEED6ACF-B75E-C907-6E41-FFB7F6255B58}.Debug|Any CPU.Build.0 = Debug|Any CPU
		{DEED6ACF-B75E-C907-6E41-FFB7F6255B58}.Release|Any CPU.ActiveCfg = Release|Any CPU
		{DEED6ACF-B75E-C907-6E41-FFB7F6255B58}.Release|Any CPU.Build.0 = Release|Any CPU
		{3F583E59-57FE-53DF-13DC-BEF94D8FEF1A}.Debug|Any CPU.ActiveCfg = Debug|Any CPU
		{3F583E59-57FE-53DF-13DC-BEF94D8FEF1A}.Debug|Any CPU.Build.0 = Debug|Any CPU
		{3F583E59-57FE-53DF-13DC-BEF94D8FEF1A}.Release|Any CPU.ActiveCfg = Release|Any CPU
		{3F583E59-57FE-53DF-13DC-BEF94D8FEF1A}.Release|Any CPU.Build.0 = Release|Any CPU
		{2CE78F19-04DF-0D1D-09C5-B1B8DEEA405E}.Debug|Any CPU.ActiveCfg = Debug|Any CPU
		{2CE78F19-04DF-0D1D-09C5-B1B8DEEA405E}.Debug|Any CPU.Build.0 = Debug|Any CPU
		{2CE78F19-04DF-0D1D-09C5-B1B8DEEA405E}.Release|Any CPU.ActiveCfg = Release|Any CPU
		{2CE78F19-04DF-0D1D-09C5-B1B8DEEA405E}.Release|Any CPU.Build.0 = Release|Any CPU
		{3949BF55-1C80-6494-AE0A-DC5104BAA238}.Debug|Any CPU.ActiveCfg = Debug|Any CPU
		{3949BF55-1C80-6494-AE0A-DC5104BAA238}.Debug|Any CPU.Build.0 = Debug|Any CPU
		{3949BF55-1C80-6494-AE0A-DC5104BAA238}.Release|Any CPU.ActiveCfg = Release|Any CPU
		{3949BF55-1C80-6494-AE0A-DC5104BAA238}.Release|Any CPU.Build.0 = Release|Any CPU
		{68442A4F-FD36-8994-E8F1-EA8DD48BA67C}.Debug|Any CPU.ActiveCfg = Debug|Any CPU
		{68442A4F-FD36-8994-E8F1-EA8DD48BA67C}.Debug|Any CPU.Build.0 = Debug|Any CPU
		{68442A4F-FD36-8994-E8F1-EA8DD48BA67C}.Release|Any CPU.ActiveCfg = Release|Any CPU
		{68442A4F-FD36-8994-E8F1-EA8DD48BA67C}.Release|Any CPU.Build.0 = Release|Any CPU
		{55C19E17-BB22-A622-78A0-A2ED31BA1E28}.Debug|Any CPU.ActiveCfg = Debug|Any CPU
		{55C19E17-BB22-A622-78A0-A2ED31BA1E28}.Debug|Any CPU.Build.0 = Debug|Any CPU
		{55C19E17-BB22-A622-78A0-A2ED31BA1E28}.Release|Any CPU.ActiveCfg = Release|Any CPU
		{55C19E17-BB22-A622-78A0-A2ED31BA1E28}.Release|Any CPU.Build.0 = Release|Any CPU
		{25D32EAB-B500-2F0F-657B-C349422728AF}.Debug|Any CPU.ActiveCfg = Debug|Any CPU
		{25D32EAB-B500-2F0F-657B-C349422728AF}.Debug|Any CPU.Build.0 = Debug|Any CPU
		{25D32EAB-B500-2F0F-657B-C349422728AF}.Release|Any CPU.ActiveCfg = Release|Any CPU
		{25D32EAB-B500-2F0F-657B-C349422728AF}.Release|Any CPU.Build.0 = Release|Any CPU
		{E84C5688-84E4-1536-BB7A-CA8354A51640}.Debug|Any CPU.ActiveCfg = Debug|Any CPU
		{E84C5688-84E4-1536-BB7A-CA8354A51640}.Debug|Any CPU.Build.0 = Debug|Any CPU
		{E84C5688-84E4-1536-BB7A-CA8354A51640}.Release|Any CPU.ActiveCfg = Release|Any CPU
		{E84C5688-84E4-1536-BB7A-CA8354A51640}.Release|Any CPU.Build.0 = Release|Any CPU
		{B7ABA076-1186-F659-1DD5-A393D45194E4}.Debug|Any CPU.ActiveCfg = Debug|Any CPU
		{B7ABA076-1186-F659-1DD5-A393D45194E4}.Debug|Any CPU.Build.0 = Debug|Any CPU
		{B7ABA076-1186-F659-1DD5-A393D45194E4}.Release|Any CPU.ActiveCfg = Release|Any CPU
		{B7ABA076-1186-F659-1DD5-A393D45194E4}.Release|Any CPU.Build.0 = Release|Any CPU
		{0BAD0EBE-03B9-9761-475F-89D535C26BC9}.Debug|Any CPU.ActiveCfg = Debug|Any CPU
		{0BAD0EBE-03B9-9761-475F-89D535C26BC9}.Debug|Any CPU.Build.0 = Debug|Any CPU
		{0BAD0EBE-03B9-9761-475F-89D535C26BC9}.Release|Any CPU.ActiveCfg = Release|Any CPU
		{0BAD0EBE-03B9-9761-475F-89D535C26BC9}.Release|Any CPU.Build.0 = Release|Any CPU
		{5D640529-96F5-5D8D-A3E0-158ACD7DEA46}.Debug|Any CPU.ActiveCfg = Debug|Any CPU
		{5D640529-96F5-5D8D-A3E0-158ACD7DEA46}.Debug|Any CPU.Build.0 = Debug|Any CPU
		{5D640529-96F5-5D8D-A3E0-158ACD7DEA46}.Release|Any CPU.ActiveCfg = Release|Any CPU
		{5D640529-96F5-5D8D-A3E0-158ACD7DEA46}.Release|Any CPU.Build.0 = Release|Any CPU
		{B0228390-B1A3-7B55-012B-9741B47E1E79}.Debug|Any CPU.ActiveCfg = Debug|Any CPU
		{B0228390-B1A3-7B55-012B-9741B47E1E79}.Debug|Any CPU.Build.0 = Debug|Any CPU
		{B0228390-B1A3-7B55-012B-9741B47E1E79}.Release|Any CPU.ActiveCfg = Release|Any CPU
		{B0228390-B1A3-7B55-012B-9741B47E1E79}.Release|Any CPU.Build.0 = Release|Any CPU
		{D2C4DE23-CE13-CE39-0AA8-9B6B7B52064E}.Debug|Any CPU.ActiveCfg = Debug|Any CPU
		{D2C4DE23-CE13-CE39-0AA8-9B6B7B52064E}.Debug|Any CPU.Build.0 = Debug|Any CPU
		{D2C4DE23-CE13-CE39-0AA8-9B6B7B52064E}.Release|Any CPU.ActiveCfg = Release|Any CPU
		{D2C4DE23-CE13-CE39-0AA8-9B6B7B52064E}.Release|Any CPU.Build.0 = Release|Any CPU
		{FD6AF0BC-65E1-84A4-7D97-CE95B574A0F6}.Debug|Any CPU.ActiveCfg = Debug|Any CPU
		{FD6AF0BC-65E1-84A4-7D97-CE95B574A0F6}.Debug|Any CPU.Build.0 = Debug|Any CPU
		{FD6AF0BC-65E1-84A4-7D97-CE95B574A0F6}.Release|Any CPU.ActiveCfg = Release|Any CPU
		{FD6AF0BC-65E1-84A4-7D97-CE95B574A0F6}.Release|Any CPU.Build.0 = Release|Any CPU
		{4202E73D-34E1-03BD-A818-5DC589875C8C}.Debug|Any CPU.ActiveCfg = Debug|Any CPU
		{4202E73D-34E1-03BD-A818-5DC589875C8C}.Debug|Any CPU.Build.0 = Debug|Any CPU
		{4202E73D-34E1-03BD-A818-5DC589875C8C}.Release|Any CPU.ActiveCfg = Release|Any CPU
		{4202E73D-34E1-03BD-A818-5DC589875C8C}.Release|Any CPU.Build.0 = Release|Any CPU
		{C8D69B99-9D39-1E69-AF8B-E3DF36AE3B72}.Debug|Any CPU.ActiveCfg = Debug|Any CPU
		{C8D69B99-9D39-1E69-AF8B-E3DF36AE3B72}.Debug|Any CPU.Build.0 = Debug|Any CPU
		{C8D69B99-9D39-1E69-AF8B-E3DF36AE3B72}.Release|Any CPU.ActiveCfg = Release|Any CPU
		{C8D69B99-9D39-1E69-AF8B-E3DF36AE3B72}.Release|Any CPU.Build.0 = Release|Any CPU
		{1C42B0B3-24E8-C8AA-8D46-0961ADE6DC2C}.Debug|Any CPU.ActiveCfg = Debug|Any CPU
		{1C42B0B3-24E8-C8AA-8D46-0961ADE6DC2C}.Debug|Any CPU.Build.0 = Debug|Any CPU
		{1C42B0B3-24E8-C8AA-8D46-0961ADE6DC2C}.Release|Any CPU.ActiveCfg = Release|Any CPU
		{1C42B0B3-24E8-C8AA-8D46-0961ADE6DC2C}.Release|Any CPU.Build.0 = Release|Any CPU
		{695B0242-2F9F-6C8F-0667-46D4573371DD}.Debug|Any CPU.ActiveCfg = Debug|Any CPU
		{695B0242-2F9F-6C8F-0667-46D4573371DD}.Debug|Any CPU.Build.0 = Debug|Any CPU
		{695B0242-2F9F-6C8F-0667-46D4573371DD}.Release|Any CPU.ActiveCfg = Release|Any CPU
		{695B0242-2F9F-6C8F-0667-46D4573371DD}.Release|Any CPU.Build.0 = Release|Any CPU
		{AF997B9E-78EB-FA05-2CFF-A83DB480515C}.Debug|Any CPU.ActiveCfg = Debug|Any CPU
		{AF997B9E-78EB-FA05-2CFF-A83DB480515C}.Debug|Any CPU.Build.0 = Debug|Any CPU
		{AF997B9E-78EB-FA05-2CFF-A83DB480515C}.Release|Any CPU.ActiveCfg = Release|Any CPU
		{AF997B9E-78EB-FA05-2CFF-A83DB480515C}.Release|Any CPU.Build.0 = Release|Any CPU
		{64E794BF-763B-9ACC-1256-544D77B3F657}.Debug|Any CPU.ActiveCfg = Debug|Any CPU
		{64E794BF-763B-9ACC-1256-544D77B3F657}.Debug|Any CPU.Build.0 = Debug|Any CPU
		{64E794BF-763B-9ACC-1256-544D77B3F657}.Release|Any CPU.ActiveCfg = Release|Any CPU
		{64E794BF-763B-9ACC-1256-544D77B3F657}.Release|Any CPU.Build.0 = Release|Any CPU
		{064FDA07-EC02-3F1A-47FD-7C80DBDDEEB5}.Debug|Any CPU.ActiveCfg = Debug|Any CPU
		{064FDA07-EC02-3F1A-47FD-7C80DBDDEEB5}.Debug|Any CPU.Build.0 = Debug|Any CPU
		{064FDA07-EC02-3F1A-47FD-7C80DBDDEEB5}.Release|Any CPU.ActiveCfg = Release|Any CPU
		{064FDA07-EC02-3F1A-47FD-7C80DBDDEEB5}.Release|Any CPU.Build.0 = Release|Any CPU
		{CC884BF0-05A3-D1AF-521F-0706A3335780}.Debug|Any CPU.ActiveCfg = Debug|Any CPU
		{CC884BF0-05A3-D1AF-521F-0706A3335780}.Debug|Any CPU.Build.0 = Debug|Any CPU
		{CC884BF0-05A3-D1AF-521F-0706A3335780}.Release|Any CPU.ActiveCfg = Release|Any CPU
		{CC884BF0-05A3-D1AF-521F-0706A3335780}.Release|Any CPU.Build.0 = Release|Any CPU
		{8A3F5230-7325-C9E6-19AE-2FBFFA21AB37}.Debug|Any CPU.ActiveCfg = Debug|Any CPU
		{8A3F5230-7325-C9E6-19AE-2FBFFA21AB37}.Debug|Any CPU.Build.0 = Debug|Any CPU
		{8A3F5230-7325-C9E6-19AE-2FBFFA21AB37}.Release|Any CPU.ActiveCfg = Release|Any CPU
		{8A3F5230-7325-C9E6-19AE-2FBFFA21AB37}.Release|Any CPU.Build.0 = Release|Any CPU
		{58F186B1-6695-CE67-B991-B10630C59064}.Debug|Any CPU.ActiveCfg = Debug|Any CPU
		{58F186B1-6695-CE67-B991-B10630C59064}.Debug|Any CPU.Build.0 = Debug|Any CPU
		{58F186B1-6695-CE67-B991-B10630C59064}.Release|Any CPU.ActiveCfg = Release|Any CPU
		{58F186B1-6695-CE67-B991-B10630C59064}.Release|Any CPU.Build.0 = Release|Any CPU
		{EA71203D-7AF0-AE39-B486-927A4E209F71}.Debug|Any CPU.ActiveCfg = Debug|Any CPU
		{EA71203D-7AF0-AE39-B486-927A4E209F71}.Debug|Any CPU.Build.0 = Debug|Any CPU
		{EA71203D-7AF0-AE39-B486-927A4E209F71}.Release|Any CPU.ActiveCfg = Release|Any CPU
		{EA71203D-7AF0-AE39-B486-927A4E209F71}.Release|Any CPU.Build.0 = Release|Any CPU
		{D28DFDB1-11A4-8B37-5426-C1C44393BBF8}.Debug|Any CPU.ActiveCfg = Debug|Any CPU
		{D28DFDB1-11A4-8B37-5426-C1C44393BBF8}.Debug|Any CPU.Build.0 = Debug|Any CPU
		{D28DFDB1-11A4-8B37-5426-C1C44393BBF8}.Release|Any CPU.ActiveCfg = Release|Any CPU
		{D28DFDB1-11A4-8B37-5426-C1C44393BBF8}.Release|Any CPU.Build.0 = Release|Any CPU
		{DAF817E1-7B64-B6AE-B79A-C9B7E31E8892}.Debug|Any CPU.ActiveCfg = Debug|Any CPU
		{DAF817E1-7B64-B6AE-B79A-C9B7E31E8892}.Debug|Any CPU.Build.0 = Debug|Any CPU
		{DAF817E1-7B64-B6AE-B79A-C9B7E31E8892}.Release|Any CPU.ActiveCfg = Release|Any CPU
		{DAF817E1-7B64-B6AE-B79A-C9B7E31E8892}.Release|Any CPU.Build.0 = Release|Any CPU
		{9A47F595-3DBF-C84A-6B45-2CE3E72980D1}.Debug|Any CPU.ActiveCfg = Debug|Any CPU
		{9A47F595-3DBF-C84A-6B45-2CE3E72980D1}.Debug|Any CPU.Build.0 = Debug|Any CPU
		{9A47F595-3DBF-C84A-6B45-2CE3E72980D1}.Release|Any CPU.ActiveCfg = Release|Any CPU
		{9A47F595-3DBF-C84A-6B45-2CE3E72980D1}.Release|Any CPU.Build.0 = Release|Any CPU
		{11DE5606-4235-215E-FD59-B7348512E5EE}.Debug|Any CPU.ActiveCfg = Debug|Any CPU
		{11DE5606-4235-215E-FD59-B7348512E5EE}.Debug|Any CPU.Build.0 = Debug|Any CPU
		{11DE5606-4235-215E-FD59-B7348512E5EE}.Release|Any CPU.ActiveCfg = Release|Any CPU
		{11DE5606-4235-215E-FD59-B7348512E5EE}.Release|Any CPU.Build.0 = Release|Any CPU
		{B12BECCE-AC24-FDC7-F07D-BA9BF7C0981E}.Debug|Any CPU.ActiveCfg = Debug|Any CPU
		{B12BECCE-AC24-FDC7-F07D-BA9BF7C0981E}.Debug|Any CPU.Build.0 = Debug|Any CPU
		{B12BECCE-AC24-FDC7-F07D-BA9BF7C0981E}.Release|Any CPU.ActiveCfg = Release|Any CPU
		{B12BECCE-AC24-FDC7-F07D-BA9BF7C0981E}.Release|Any CPU.Build.0 = Release|Any CPU
		{8A35AAE4-DE60-362D-5EE5-539D10F3A609}.Debug|Any CPU.ActiveCfg = Debug|Any CPU
		{8A35AAE4-DE60-362D-5EE5-539D10F3A609}.Debug|Any CPU.Build.0 = Debug|Any CPU
		{8A35AAE4-DE60-362D-5EE5-539D10F3A609}.Release|Any CPU.ActiveCfg = Release|Any CPU
		{8A35AAE4-DE60-362D-5EE5-539D10F3A609}.Release|Any CPU.Build.0 = Release|Any CPU
		{6C3705EA-70B6-1BE8-2678-5DC1B88C35E1}.Debug|Any CPU.ActiveCfg = Debug|Any CPU
		{6C3705EA-70B6-1BE8-2678-5DC1B88C35E1}.Debug|Any CPU.Build.0 = Debug|Any CPU
		{6C3705EA-70B6-1BE8-2678-5DC1B88C35E1}.Release|Any CPU.ActiveCfg = Release|Any CPU
		{6C3705EA-70B6-1BE8-2678-5DC1B88C35E1}.Release|Any CPU.Build.0 = Release|Any CPU
		{21873CFF-921E-AF89-BAC2-328286D8A8AD}.Debug|Any CPU.ActiveCfg = Debug|Any CPU
		{21873CFF-921E-AF89-BAC2-328286D8A8AD}.Debug|Any CPU.Build.0 = Debug|Any CPU
		{21873CFF-921E-AF89-BAC2-328286D8A8AD}.Release|Any CPU.ActiveCfg = Release|Any CPU
		{21873CFF-921E-AF89-BAC2-328286D8A8AD}.Release|Any CPU.Build.0 = Release|Any CPU
		{68A15B54-14D4-7E4D-ABD4-40CA166B8B39}.Debug|Any CPU.ActiveCfg = Debug|Any CPU
		{68A15B54-14D4-7E4D-ABD4-40CA166B8B39}.Debug|Any CPU.Build.0 = Debug|Any CPU
		{68A15B54-14D4-7E4D-ABD4-40CA166B8B39}.Release|Any CPU.ActiveCfg = Release|Any CPU
		{68A15B54-14D4-7E4D-ABD4-40CA166B8B39}.Release|Any CPU.Build.0 = Release|Any CPU
		{CCCF6322-9021-61A0-5745-7A1583B838C4}.Debug|Any CPU.ActiveCfg = Debug|Any CPU
		{CCCF6322-9021-61A0-5745-7A1583B838C4}.Debug|Any CPU.Build.0 = Debug|Any CPU
		{CCCF6322-9021-61A0-5745-7A1583B838C4}.Release|Any CPU.ActiveCfg = Release|Any CPU
		{CCCF6322-9021-61A0-5745-7A1583B838C4}.Release|Any CPU.Build.0 = Release|Any CPU
		{98E25284-EB9C-B5E5-4D88-9F6470FB9416}.Debug|Any CPU.ActiveCfg = Debug|Any CPU
		{98E25284-EB9C-B5E5-4D88-9F6470FB9416}.Debug|Any CPU.Build.0 = Debug|Any CPU
		{98E25284-EB9C-B5E5-4D88-9F6470FB9416}.Release|Any CPU.ActiveCfg = Release|Any CPU
		{98E25284-EB9C-B5E5-4D88-9F6470FB9416}.Release|Any CPU.Build.0 = Release|Any CPU
		{902D2A70-F3EA-BF51-5C06-BDC640192B3E}.Debug|Any CPU.ActiveCfg = Debug|Any CPU
		{902D2A70-F3EA-BF51-5C06-BDC640192B3E}.Debug|Any CPU.Build.0 = Debug|Any CPU
		{902D2A70-F3EA-BF51-5C06-BDC640192B3E}.Release|Any CPU.ActiveCfg = Release|Any CPU
		{902D2A70-F3EA-BF51-5C06-BDC640192B3E}.Release|Any CPU.Build.0 = Release|Any CPU
		{D92A4456-C676-246E-13AF-B7986E79EA54}.Debug|Any CPU.ActiveCfg = Debug|Any CPU
		{D92A4456-C676-246E-13AF-B7986E79EA54}.Debug|Any CPU.Build.0 = Debug|Any CPU
		{D92A4456-C676-246E-13AF-B7986E79EA54}.Release|Any CPU.ActiveCfg = Release|Any CPU
		{D92A4456-C676-246E-13AF-B7986E79EA54}.Release|Any CPU.Build.0 = Release|Any CPU
		{7451D514-A8B5-8807-F2F8-47FDE57FF15E}.Debug|Any CPU.ActiveCfg = Debug|Any CPU
		{7451D514-A8B5-8807-F2F8-47FDE57FF15E}.Debug|Any CPU.Build.0 = Debug|Any CPU
		{7451D514-A8B5-8807-F2F8-47FDE57FF15E}.Release|Any CPU.ActiveCfg = Release|Any CPU
		{7451D514-A8B5-8807-F2F8-47FDE57FF15E}.Release|Any CPU.Build.0 = Release|Any CPU
		{17797937-3CF1-4E41-83A6-603487CD2AE1}.Debug|Any CPU.ActiveCfg = Debug|Any CPU
		{17797937-3CF1-4E41-83A6-603487CD2AE1}.Debug|Any CPU.Build.0 = Debug|Any CPU
		{17797937-3CF1-4E41-83A6-603487CD2AE1}.Release|Any CPU.ActiveCfg = Release|Any CPU
		{17797937-3CF1-4E41-83A6-603487CD2AE1}.Release|Any CPU.Build.0 = Release|Any CPU
		{72391D06-546A-0414-75B9-0EAE56A711FE}.Debug|Any CPU.ActiveCfg = Debug|Any CPU
		{72391D06-546A-0414-75B9-0EAE56A711FE}.Debug|Any CPU.Build.0 = Debug|Any CPU
		{72391D06-546A-0414-75B9-0EAE56A711FE}.Release|Any CPU.ActiveCfg = Release|Any CPU
		{72391D06-546A-0414-75B9-0EAE56A711FE}.Release|Any CPU.Build.0 = Release|Any CPU
		{ECAD3638-1C17-DE6C-183A-D3CC8E584902}.Debug|Any CPU.ActiveCfg = Debug|Any CPU
		{ECAD3638-1C17-DE6C-183A-D3CC8E584902}.Debug|Any CPU.Build.0 = Debug|Any CPU
		{ECAD3638-1C17-DE6C-183A-D3CC8E584902}.Release|Any CPU.ActiveCfg = Release|Any CPU
		{ECAD3638-1C17-DE6C-183A-D3CC8E584902}.Release|Any CPU.Build.0 = Release|Any CPU
		{879F68C1-DB47-3816-16C0-89BEB0BCBABB}.Debug|Any CPU.ActiveCfg = Debug|Any CPU
		{879F68C1-DB47-3816-16C0-89BEB0BCBABB}.Debug|Any CPU.Build.0 = Debug|Any CPU
		{879F68C1-DB47-3816-16C0-89BEB0BCBABB}.Release|Any CPU.ActiveCfg = Release|Any CPU
		{879F68C1-DB47-3816-16C0-89BEB0BCBABB}.Release|Any CPU.Build.0 = Release|Any CPU
		{6E4015EA-35ED-89A5-465C-2FD823225ECA}.Debug|Any CPU.ActiveCfg = Debug|Any CPU
		{6E4015EA-35ED-89A5-465C-2FD823225ECA}.Debug|Any CPU.Build.0 = Debug|Any CPU
		{6E4015EA-35ED-89A5-465C-2FD823225ECA}.Release|Any CPU.ActiveCfg = Release|Any CPU
		{6E4015EA-35ED-89A5-465C-2FD823225ECA}.Release|Any CPU.Build.0 = Release|Any CPU
		{B6108EFF-6F5D-2CBF-68F0-D0A1D3DA7CBD}.Debug|Any CPU.ActiveCfg = Debug|Any CPU
		{B6108EFF-6F5D-2CBF-68F0-D0A1D3DA7CBD}.Debug|Any CPU.Build.0 = Debug|Any CPU
		{B6108EFF-6F5D-2CBF-68F0-D0A1D3DA7CBD}.Release|Any CPU.ActiveCfg = Release|Any CPU
		{B6108EFF-6F5D-2CBF-68F0-D0A1D3DA7CBD}.Release|Any CPU.Build.0 = Release|Any CPU
		{A12E1C21-62C4-3272-0CF0-8F9CC4833BAF}.Debug|Any CPU.ActiveCfg = Debug|Any CPU
		{A12E1C21-62C4-3272-0CF0-8F9CC4833BAF}.Debug|Any CPU.Build.0 = Debug|Any CPU
		{A12E1C21-62C4-3272-0CF0-8F9CC4833BAF}.Release|Any CPU.ActiveCfg = Release|Any CPU
		{A12E1C21-62C4-3272-0CF0-8F9CC4833BAF}.Release|Any CPU.Build.0 = Release|Any CPU
		{A4B3C124-7ACE-581F-E4CD-35DB2BB37081}.Debug|Any CPU.ActiveCfg = Debug|Any CPU
		{A4B3C124-7ACE-581F-E4CD-35DB2BB37081}.Debug|Any CPU.Build.0 = Debug|Any CPU
		{A4B3C124-7ACE-581F-E4CD-35DB2BB37081}.Release|Any CPU.ActiveCfg = Release|Any CPU
		{A4B3C124-7ACE-581F-E4CD-35DB2BB37081}.Release|Any CPU.Build.0 = Release|Any CPU
		{5422F772-B10D-500C-F5E4-C646C62C42D6}.Debug|Any CPU.ActiveCfg = Debug|Any CPU
		{5422F772-B10D-500C-F5E4-C646C62C42D6}.Debug|Any CPU.Build.0 = Debug|Any CPU
		{5422F772-B10D-500C-F5E4-C646C62C42D6}.Release|Any CPU.ActiveCfg = Release|Any CPU
		{5422F772-B10D-500C-F5E4-C646C62C42D6}.Release|Any CPU.Build.0 = Release|Any CPU
		{9AD4E4CF-6FDD-407F-C31A-D9C750ACC5B7}.Debug|Any CPU.ActiveCfg = Debug|Any CPU
		{9AD4E4CF-6FDD-407F-C31A-D9C750ACC5B7}.Debug|Any CPU.Build.0 = Debug|Any CPU
		{9AD4E4CF-6FDD-407F-C31A-D9C750ACC5B7}.Release|Any CPU.ActiveCfg = Release|Any CPU
		{9AD4E4CF-6FDD-407F-C31A-D9C750ACC5B7}.Release|Any CPU.Build.0 = Release|Any CPU
		{866C9FB1-C2F9-C98E-5F0C-474AF02DC336}.Debug|Any CPU.ActiveCfg = Debug|Any CPU
		{866C9FB1-C2F9-C98E-5F0C-474AF02DC336}.Debug|Any CPU.Build.0 = Debug|Any CPU
		{866C9FB1-C2F9-C98E-5F0C-474AF02DC336}.Release|Any CPU.ActiveCfg = Release|Any CPU
		{866C9FB1-C2F9-C98E-5F0C-474AF02DC336}.Release|Any CPU.Build.0 = Release|Any CPU
		{3B1307B6-0667-C4FF-5DDC-4CBCD6FD2E68}.Debug|Any CPU.ActiveCfg = Debug|Any CPU
		{3B1307B6-0667-C4FF-5DDC-4CBCD6FD2E68}.Debug|Any CPU.Build.0 = Debug|Any CPU
		{3B1307B6-0667-C4FF-5DDC-4CBCD6FD2E68}.Release|Any CPU.ActiveCfg = Release|Any CPU
		{3B1307B6-0667-C4FF-5DDC-4CBCD6FD2E68}.Release|Any CPU.Build.0 = Release|Any CPU
		{1C0FF57A-B696-C55E-3F4D-C5AC88F798BE}.Debug|Any CPU.ActiveCfg = Debug|Any CPU
		{1C0FF57A-B696-C55E-3F4D-C5AC88F798BE}.Debug|Any CPU.Build.0 = Debug|Any CPU
		{1C0FF57A-B696-C55E-3F4D-C5AC88F798BE}.Release|Any CPU.ActiveCfg = Release|Any CPU
		{1C0FF57A-B696-C55E-3F4D-C5AC88F798BE}.Release|Any CPU.Build.0 = Release|Any CPU
		{5A4D0097-E73D-3807-8189-D89E021EB97E}.Debug|Any CPU.ActiveCfg = Debug|Any CPU
		{5A4D0097-E73D-3807-8189-D89E021EB97E}.Debug|Any CPU.Build.0 = Debug|Any CPU
		{5A4D0097-E73D-3807-8189-D89E021EB97E}.Release|Any CPU.ActiveCfg = Release|Any CPU
		{5A4D0097-E73D-3807-8189-D89E021EB97E}.Release|Any CPU.Build.0 = Release|Any CPU
		{A03BB9D0-3C30-EA28-6E0C-FD9A67845106}.Debug|Any CPU.ActiveCfg = Debug|Any CPU
		{A03BB9D0-3C30-EA28-6E0C-FD9A67845106}.Debug|Any CPU.Build.0 = Debug|Any CPU
		{A03BB9D0-3C30-EA28-6E0C-FD9A67845106}.Release|Any CPU.ActiveCfg = Release|Any CPU
		{A03BB9D0-3C30-EA28-6E0C-FD9A67845106}.Release|Any CPU.Build.0 = Release|Any CPU
		{411D4C6B-6D87-0FD0-17FC-00C5BD20257E}.Debug|Any CPU.ActiveCfg = Debug|Any CPU
		{411D4C6B-6D87-0FD0-17FC-00C5BD20257E}.Debug|Any CPU.Build.0 = Debug|Any CPU
		{411D4C6B-6D87-0FD0-17FC-00C5BD20257E}.Release|Any CPU.ActiveCfg = Release|Any CPU
		{411D4C6B-6D87-0FD0-17FC-00C5BD20257E}.Release|Any CPU.Build.0 = Release|Any CPU
		{BEC84364-24E7-FF98-DBF1-02BB7213355A}.Debug|Any CPU.ActiveCfg = Debug|Any CPU
		{BEC84364-24E7-FF98-DBF1-02BB7213355A}.Debug|Any CPU.Build.0 = Debug|Any CPU
		{BEC84364-24E7-FF98-DBF1-02BB7213355A}.Release|Any CPU.ActiveCfg = Release|Any CPU
		{BEC84364-24E7-FF98-DBF1-02BB7213355A}.Release|Any CPU.Build.0 = Release|Any CPU
		{22A50DB9-9FCF-FDEB-9A42-913240C2E791}.Debug|Any CPU.ActiveCfg = Debug|Any CPU
		{22A50DB9-9FCF-FDEB-9A42-913240C2E791}.Debug|Any CPU.Build.0 = Debug|Any CPU
		{22A50DB9-9FCF-FDEB-9A42-913240C2E791}.Release|Any CPU.ActiveCfg = Release|Any CPU
		{22A50DB9-9FCF-FDEB-9A42-913240C2E791}.Release|Any CPU.Build.0 = Release|Any CPU
		{6A40C5CC-9F42-2700-FF0E-963BF60913D3}.Debug|Any CPU.ActiveCfg = Debug|Any CPU
		{6A40C5CC-9F42-2700-FF0E-963BF60913D3}.Debug|Any CPU.Build.0 = Debug|Any CPU
		{6A40C5CC-9F42-2700-FF0E-963BF60913D3}.Release|Any CPU.ActiveCfg = Release|Any CPU
		{6A40C5CC-9F42-2700-FF0E-963BF60913D3}.Release|Any CPU.Build.0 = Release|Any CPU
		{CDF7DC3E-8E38-25D3-0EFB-16C786B7249F}.Debug|Any CPU.ActiveCfg = Debug|Any CPU
		{CDF7DC3E-8E38-25D3-0EFB-16C786B7249F}.Debug|Any CPU.Build.0 = Debug|Any CPU
		{CDF7DC3E-8E38-25D3-0EFB-16C786B7249F}.Release|Any CPU.ActiveCfg = Release|Any CPU
		{CDF7DC3E-8E38-25D3-0EFB-16C786B7249F}.Release|Any CPU.Build.0 = Release|Any CPU
		{CD38A31F-B73F-E917-0D10-1051392DDF73}.Debug|Any CPU.ActiveCfg = Debug|Any CPU
		{CD38A31F-B73F-E917-0D10-1051392DDF73}.Debug|Any CPU.Build.0 = Debug|Any CPU
		{CD38A31F-B73F-E917-0D10-1051392DDF73}.Release|Any CPU.ActiveCfg = Release|Any CPU
		{CD38A31F-B73F-E917-0D10-1051392DDF73}.Release|Any CPU.Build.0 = Release|Any CPU
		{EB5B1917-7D4D-4955-3FF8-019D5923DAD0}.Debug|Any CPU.ActiveCfg = Debug|Any CPU
		{EB5B1917-7D4D-4955-3FF8-019D5923DAD0}.Debug|Any CPU.Build.0 = Debug|Any CPU
		{EB5B1917-7D4D-4955-3FF8-019D5923DAD0}.Release|Any CPU.ActiveCfg = Release|Any CPU
		{EB5B1917-7D4D-4955-3FF8-019D5923DAD0}.Release|Any CPU.Build.0 = Release|Any CPU
		{1AD4ED1C-AE08-FDAE-3168-EA448504A1FA}.Debug|Any CPU.ActiveCfg = Debug|Any CPU
		{1AD4ED1C-AE08-FDAE-3168-EA448504A1FA}.Debug|Any CPU.Build.0 = Debug|Any CPU
		{1AD4ED1C-AE08-FDAE-3168-EA448504A1FA}.Release|Any CPU.ActiveCfg = Release|Any CPU
		{1AD4ED1C-AE08-FDAE-3168-EA448504A1FA}.Release|Any CPU.Build.0 = Release|Any CPU
		{CFA769BC-6882-0AE1-5CBE-28344F776DB2}.Debug|Any CPU.ActiveCfg = Debug|Any CPU
		{CFA769BC-6882-0AE1-5CBE-28344F776DB2}.Debug|Any CPU.Build.0 = Debug|Any CPU
		{CFA769BC-6882-0AE1-5CBE-28344F776DB2}.Release|Any CPU.ActiveCfg = Release|Any CPU
		{CFA769BC-6882-0AE1-5CBE-28344F776DB2}.Release|Any CPU.Build.0 = Release|Any CPU
		{7F7DAABB-E80A-3052-0A57-526072290636}.Debug|Any CPU.ActiveCfg = Debug|Any CPU
		{7F7DAABB-E80A-3052-0A57-526072290636}.Debug|Any CPU.Build.0 = Debug|Any CPU
		{7F7DAABB-E80A-3052-0A57-526072290636}.Release|Any CPU.ActiveCfg = Release|Any CPU
		{7F7DAABB-E80A-3052-0A57-526072290636}.Release|Any CPU.Build.0 = Release|Any CPU
		{6C6793CC-8C3E-6CE5-655B-84F69E4FCE8C}.Debug|Any CPU.ActiveCfg = Debug|Any CPU
		{6C6793CC-8C3E-6CE5-655B-84F69E4FCE8C}.Debug|Any CPU.Build.0 = Debug|Any CPU
		{6C6793CC-8C3E-6CE5-655B-84F69E4FCE8C}.Release|Any CPU.ActiveCfg = Release|Any CPU
		{6C6793CC-8C3E-6CE5-655B-84F69E4FCE8C}.Release|Any CPU.Build.0 = Release|Any CPU
		{B96C8B13-EF62-AA2E-D7A7-A39237BD4E96}.Debug|Any CPU.ActiveCfg = Debug|Any CPU
		{B96C8B13-EF62-AA2E-D7A7-A39237BD4E96}.Debug|Any CPU.Build.0 = Debug|Any CPU
		{B96C8B13-EF62-AA2E-D7A7-A39237BD4E96}.Release|Any CPU.ActiveCfg = Release|Any CPU
		{B96C8B13-EF62-AA2E-D7A7-A39237BD4E96}.Release|Any CPU.Build.0 = Release|Any CPU
		{35DE9A86-9C45-2C02-6569-46C533494EB5}.Debug|Any CPU.ActiveCfg = Debug|Any CPU
		{35DE9A86-9C45-2C02-6569-46C533494EB5}.Debug|Any CPU.Build.0 = Debug|Any CPU
		{35DE9A86-9C45-2C02-6569-46C533494EB5}.Release|Any CPU.ActiveCfg = Release|Any CPU
		{35DE9A86-9C45-2C02-6569-46C533494EB5}.Release|Any CPU.Build.0 = Release|Any CPU
		{8B6C3036-6197-D200-D088-0361B0AEDF8B}.Debug|Any CPU.ActiveCfg = Debug|Any CPU
		{8B6C3036-6197-D200-D088-0361B0AEDF8B}.Debug|Any CPU.Build.0 = Debug|Any CPU
		{8B6C3036-6197-D200-D088-0361B0AEDF8B}.Release|Any CPU.ActiveCfg = Release|Any CPU
		{8B6C3036-6197-D200-D088-0361B0AEDF8B}.Release|Any CPU.Build.0 = Release|Any CPU
		{C1E88986-8724-3F14-F355-E1058F628846}.Debug|Any CPU.ActiveCfg = Debug|Any CPU
		{C1E88986-8724-3F14-F355-E1058F628846}.Debug|Any CPU.Build.0 = Debug|Any CPU
		{C1E88986-8724-3F14-F355-E1058F628846}.Release|Any CPU.ActiveCfg = Release|Any CPU
		{C1E88986-8724-3F14-F355-E1058F628846}.Release|Any CPU.Build.0 = Release|Any CPU
		{A77F08AC-8765-24D9-8471-F0E2FB239A8A}.Debug|Any CPU.ActiveCfg = Debug|Any CPU
		{A77F08AC-8765-24D9-8471-F0E2FB239A8A}.Debug|Any CPU.Build.0 = Debug|Any CPU
		{A77F08AC-8765-24D9-8471-F0E2FB239A8A}.Release|Any CPU.ActiveCfg = Release|Any CPU
		{A77F08AC-8765-24D9-8471-F0E2FB239A8A}.Release|Any CPU.Build.0 = Release|Any CPU
		{70261DBC-7A57-4271-8280-4B856951475E}.Debug|Any CPU.ActiveCfg = Debug|Any CPU
		{70261DBC-7A57-4271-8280-4B856951475E}.Debug|Any CPU.Build.0 = Debug|Any CPU
		{70261DBC-7A57-4271-8280-4B856951475E}.Release|Any CPU.ActiveCfg = Release|Any CPU
		{70261DBC-7A57-4271-8280-4B856951475E}.Release|Any CPU.Build.0 = Release|Any CPU
		{F2271CE0-8B76-D00D-6829-03690CB472B3}.Debug|Any CPU.ActiveCfg = Debug|Any CPU
		{F2271CE0-8B76-D00D-6829-03690CB472B3}.Debug|Any CPU.Build.0 = Debug|Any CPU
		{F2271CE0-8B76-D00D-6829-03690CB472B3}.Release|Any CPU.ActiveCfg = Release|Any CPU
		{F2271CE0-8B76-D00D-6829-03690CB472B3}.Release|Any CPU.Build.0 = Release|Any CPU
		{122D49BC-F86A-AADF-8A78-E2713C3B1CA5}.Debug|Any CPU.ActiveCfg = Debug|Any CPU
		{122D49BC-F86A-AADF-8A78-E2713C3B1CA5}.Debug|Any CPU.Build.0 = Debug|Any CPU
		{122D49BC-F86A-AADF-8A78-E2713C3B1CA5}.Release|Any CPU.ActiveCfg = Release|Any CPU
		{122D49BC-F86A-AADF-8A78-E2713C3B1CA5}.Release|Any CPU.Build.0 = Release|Any CPU
		{79D9E51E-259C-D709-44D9-E6E287CEE001}.Debug|Any CPU.ActiveCfg = Debug|Any CPU
		{79D9E51E-259C-D709-44D9-E6E287CEE001}.Debug|Any CPU.Build.0 = Debug|Any CPU
		{79D9E51E-259C-D709-44D9-E6E287CEE001}.Release|Any CPU.ActiveCfg = Release|Any CPU
		{79D9E51E-259C-D709-44D9-E6E287CEE001}.Release|Any CPU.Build.0 = Release|Any CPU
		{5634A139-18CD-A8C2-A653-D69BBC60016F}.Debug|Any CPU.ActiveCfg = Debug|Any CPU
		{5634A139-18CD-A8C2-A653-D69BBC60016F}.Debug|Any CPU.Build.0 = Debug|Any CPU
		{5634A139-18CD-A8C2-A653-D69BBC60016F}.Release|Any CPU.ActiveCfg = Release|Any CPU
		{5634A139-18CD-A8C2-A653-D69BBC60016F}.Release|Any CPU.Build.0 = Release|Any CPU
		{7E85C6B0-58FC-DE1E-9954-77D359BAC33B}.Debug|Any CPU.ActiveCfg = Debug|Any CPU
		{7E85C6B0-58FC-DE1E-9954-77D359BAC33B}.Debug|Any CPU.Build.0 = Debug|Any CPU
		{7E85C6B0-58FC-DE1E-9954-77D359BAC33B}.Release|Any CPU.ActiveCfg = Release|Any CPU
		{7E85C6B0-58FC-DE1E-9954-77D359BAC33B}.Release|Any CPU.Build.0 = Release|Any CPU
		{03385724-5B76-EF45-A531-0632CFDC8AF3}.Debug|Any CPU.ActiveCfg = Debug|Any CPU
		{03385724-5B76-EF45-A531-0632CFDC8AF3}.Debug|Any CPU.Build.0 = Debug|Any CPU
		{03385724-5B76-EF45-A531-0632CFDC8AF3}.Release|Any CPU.ActiveCfg = Release|Any CPU
		{03385724-5B76-EF45-A531-0632CFDC8AF3}.Release|Any CPU.Build.0 = Release|Any CPU
		{43310CB1-2CB4-8751-2258-5CD228FB56AD}.Debug|Any CPU.ActiveCfg = Debug|Any CPU
		{43310CB1-2CB4-8751-2258-5CD228FB56AD}.Debug|Any CPU.Build.0 = Debug|Any CPU
		{43310CB1-2CB4-8751-2258-5CD228FB56AD}.Release|Any CPU.ActiveCfg = Release|Any CPU
		{43310CB1-2CB4-8751-2258-5CD228FB56AD}.Release|Any CPU.Build.0 = Release|Any CPU
		{33C99DA2-BB92-446C-D7A2-925976BA203E}.Debug|Any CPU.ActiveCfg = Debug|Any CPU
		{33C99DA2-BB92-446C-D7A2-925976BA203E}.Debug|Any CPU.Build.0 = Debug|Any CPU
		{33C99DA2-BB92-446C-D7A2-925976BA203E}.Release|Any CPU.ActiveCfg = Release|Any CPU
		{33C99DA2-BB92-446C-D7A2-925976BA203E}.Release|Any CPU.Build.0 = Release|Any CPU
		{969BC883-89F9-6490-1C5D-74935CA3BE6B}.Debug|Any CPU.ActiveCfg = Debug|Any CPU
		{969BC883-89F9-6490-1C5D-74935CA3BE6B}.Debug|Any CPU.Build.0 = Debug|Any CPU
		{969BC883-89F9-6490-1C5D-74935CA3BE6B}.Release|Any CPU.ActiveCfg = Release|Any CPU
		{969BC883-89F9-6490-1C5D-74935CA3BE6B}.Release|Any CPU.Build.0 = Release|Any CPU
		{83D5D0AC-8E5B-B7A8-E44C-67DFEFEE2E78}.Debug|Any CPU.ActiveCfg = Debug|Any CPU
		{83D5D0AC-8E5B-B7A8-E44C-67DFEFEE2E78}.Debug|Any CPU.Build.0 = Debug|Any CPU
		{83D5D0AC-8E5B-B7A8-E44C-67DFEFEE2E78}.Release|Any CPU.ActiveCfg = Release|Any CPU
		{83D5D0AC-8E5B-B7A8-E44C-67DFEFEE2E78}.Release|Any CPU.Build.0 = Release|Any CPU
		{907A2DF1-3277-BBAD-B359-8F921EE538B2}.Debug|Any CPU.ActiveCfg = Debug|Any CPU
		{907A2DF1-3277-BBAD-B359-8F921EE538B2}.Debug|Any CPU.Build.0 = Debug|Any CPU
		{907A2DF1-3277-BBAD-B359-8F921EE538B2}.Release|Any CPU.ActiveCfg = Release|Any CPU
		{907A2DF1-3277-BBAD-B359-8F921EE538B2}.Release|Any CPU.Build.0 = Release|Any CPU
		{00DDF42C-294B-0A62-46C3-8659F899B4E7}.Debug|Any CPU.ActiveCfg = Debug|Any CPU
		{00DDF42C-294B-0A62-46C3-8659F899B4E7}.Debug|Any CPU.Build.0 = Debug|Any CPU
		{00DDF42C-294B-0A62-46C3-8659F899B4E7}.Release|Any CPU.ActiveCfg = Release|Any CPU
		{00DDF42C-294B-0A62-46C3-8659F899B4E7}.Release|Any CPU.Build.0 = Release|Any CPU
		{33FCA4BE-9AA1-526B-5084-77B503D09772}.Debug|Any CPU.ActiveCfg = Debug|Any CPU
		{33FCA4BE-9AA1-526B-5084-77B503D09772}.Debug|Any CPU.Build.0 = Debug|Any CPU
		{33FCA4BE-9AA1-526B-5084-77B503D09772}.Release|Any CPU.ActiveCfg = Release|Any CPU
		{33FCA4BE-9AA1-526B-5084-77B503D09772}.Release|Any CPU.Build.0 = Release|Any CPU
		{8F23E262-78C5-7A77-837C-288BCCCA895D}.Debug|Any CPU.ActiveCfg = Debug|Any CPU
		{8F23E262-78C5-7A77-837C-288BCCCA895D}.Debug|Any CPU.Build.0 = Debug|Any CPU
		{8F23E262-78C5-7A77-837C-288BCCCA895D}.Release|Any CPU.ActiveCfg = Release|Any CPU
		{8F23E262-78C5-7A77-837C-288BCCCA895D}.Release|Any CPU.Build.0 = Release|Any CPU
		{3BF0CD79-094A-E340-F57B-B7679A4A2E8C}.Debug|Any CPU.ActiveCfg = Debug|Any CPU
		{3BF0CD79-094A-E340-F57B-B7679A4A2E8C}.Debug|Any CPU.Build.0 = Debug|Any CPU
		{3BF0CD79-094A-E340-F57B-B7679A4A2E8C}.Release|Any CPU.ActiveCfg = Release|Any CPU
		{3BF0CD79-094A-E340-F57B-B7679A4A2E8C}.Release|Any CPU.Build.0 = Release|Any CPU
		{D616AE64-78A1-62A0-1C0F-68E3318174A7}.Debug|Any CPU.ActiveCfg = Debug|Any CPU
		{D616AE64-78A1-62A0-1C0F-68E3318174A7}.Debug|Any CPU.Build.0 = Debug|Any CPU
		{D616AE64-78A1-62A0-1C0F-68E3318174A7}.Release|Any CPU.ActiveCfg = Release|Any CPU
		{D616AE64-78A1-62A0-1C0F-68E3318174A7}.Release|Any CPU.Build.0 = Release|Any CPU
		{AB8807A3-5FF8-3098-E339-4833A1654DCD}.Debug|Any CPU.ActiveCfg = Debug|Any CPU
		{AB8807A3-5FF8-3098-E339-4833A1654DCD}.Debug|Any CPU.Build.0 = Debug|Any CPU
		{AB8807A3-5FF8-3098-E339-4833A1654DCD}.Release|Any CPU.ActiveCfg = Release|Any CPU
		{AB8807A3-5FF8-3098-E339-4833A1654DCD}.Release|Any CPU.Build.0 = Release|Any CPU
	EndGlobalSection
	GlobalSection(SolutionProperties) = preSolution
		HideSolutionNode = FALSE
	EndGlobalSection
EndGlobal
